<?xml version="1.0" encoding="utf-8"?>
<Project ToolsVersion="4.0" xmlns="http://schemas.microsoft.com/developer/msbuild/2003">
  <ItemGroup>
    <Filter Include="Source Files">
      <UniqueIdentifier>{4FC737F1-C7A5-4376-A066-2A32D752A2FF}</UniqueIdentifier>
      <Extensions>cpp;c;cc;cxx;def;odl;idl;hpj;bat;asm;asmx</Extensions>
    </Filter>
    <Filter Include="Header Files">
      <UniqueIdentifier>{93995380-89BD-4b04-88EB-625FBE52EBFB}</UniqueIdentifier>
      <Extensions>h;hpp;hxx;hm;inl;inc;xsd</Extensions>
    </Filter>
    <Filter Include="Resource Files">
      <UniqueIdentifier>{67DA6AB6-F800-4c08-8B7A-83BB121AAD01}</UniqueIdentifier>
      <Extensions>rc;ico;cur;bmp;dlg;rc2;rct;bin;rgs;gif;jpg;jpeg;jpe;resx;tiff;tif;png;wav;mfcribbon-ms</Extensions>
    </Filter>
    <Filter Include="MiTokenBLE">
      <UniqueIdentifier>{e5496e6c-a0a4-497d-afdb-544b91596bac}</UniqueIdentifier>
    </Filter>
    <Filter Include="MiTokenBLE\Header Files">
      <UniqueIdentifier>{f5938c4f-efdc-4636-8251-04f12a4651df}</UniqueIdentifier>
    </Filter>
    <Filter Include="MiTokenBLE\Source Files">
      <UniqueIdentifier>{396ca14a-a204-4e64-9ed9-16c726700dc5}</UniqueIdentifier>
    </Filter>
  </ItemGroup>
  <ItemGroup>
    <None Include="ReadMe.txt" />
  </ItemGroup>
  <ItemGroup>
    <ClCompile Include="BLE_API.cpp">
      <Filter>Source Files</Filter>
    </ClCompile>
    <ClCompile Include="BLE_ASYNC.cpp">
      <Filter>Source Files</Filter>
    </ClCompile>
    <ClCompile Include="BLE_IO.cpp">
      <Filter>Source Files</Filter>
    </ClCompile>
    <ClCompile Include="BLE_LowLevel.cpp">
      <Filter>Source Files</Filter>
    </ClCompile>
    <ClCompile Include="BLE_Structs.cpp">
      <Filter>Source Files</Filter>
    </ClCompile>
    <ClCompile Include="cmd_def.cpp">
      <Filter>Source Files</Filter>
    </ClCompile>
    <ClCompile Include="commands.cpp">
      <Filter>Source Files</Filter>
    </ClCompile>
    <ClCompile Include="BLE_Callbacks.cpp">
      <Filter>Source Files</Filter>
    </ClCompile>
    <ClCompile Include="BLE_API_Ext.cpp">
      <Filter>Source Files</Filter>
    </ClCompile>
    <ClCompile Include="BLE_NamedPipe.cpp">
      <Filter>Source Files</Filter>
    </ClCompile>
    <ClCompile Include="DebugLogging.cpp">
      <Filter>Source Files</Filter>
    </ClCompile>
    <ClCompile Include="CurrentState.cpp">
      <Filter>Source Files</Filter>
    </ClCompile>
    <ClCompile Include="ScopedLock.cpp">
      <Filter>Source Files</Filter>
    </ClCompile>
    <ClCompile Include="COMReader.cpp">
      <Filter>Source Files</Filter>
    </ClCompile>
    <ClCompile Include="ReadWriteLocker.cpp">
      <Filter>Source Files</Filter>
    </ClCompile>
    <ClCompile Include="MessageQueue.cpp">
      <Filter>Source Files</Filter>
    </ClCompile>
    <ClCompile Include="SafeObject.cpp">
      <Filter>Source Files</Filter>
    </ClCompile>
    <ClCompile Include="BLE_Command_Chain_Link.cpp">
      <Filter>Source Files</Filter>
    </ClCompile>
    <ClCompile Include="MiTokenBLE_UUIDs.h">
      <Filter>MiTokenBLE\Header Files</Filter>
    </ClCompile>
    <ClCompile Include="MiTokenBLE.cpp">
      <Filter>MiTokenBLE\Source Files</Filter>
    </ClCompile>
    <ClCompile Include="MiTokenBLEChild.cpp">
      <Filter>MiTokenBLE\Source Files</Filter>
    </ClCompile>
    <ClCompile Include="MiTokenBLEConnection.cpp">
      <Filter>MiTokenBLE\Source Files</Filter>
    </ClCompile>
    <ClCompile Include="MiTokenBLE_Commands.cpp">
      <Filter>MiTokenBLE\Source Files</Filter>
    </ClCompile>
    <ClCompile Include="GenericUtils.cpp">
      <Filter>Source Files</Filter>
    </ClCompile>
  </ItemGroup>
  <ItemGroup>
    <ClInclude Include="apitypes.h">
      <Filter>Header Files</Filter>
    </ClInclude>
    <ClInclude Include="BLELib.h">
      <Filter>Header Files</Filter>
    </ClInclude>
    <ClInclude Include="cmd_def.h">
      <Filter>Header Files</Filter>
    </ClInclude>
    <ClInclude Include="BLE_API.h">
      <Filter>Header Files</Filter>
    </ClInclude>
    <ClInclude Include="BLE_IO.h">
      <Filter>Header Files</Filter>
    </ClInclude>
    <ClInclude Include="BLE_LowLevel.h">
      <Filter>Header Files</Filter>
    </ClInclude>
    <ClInclude Include="BLE_ASYNC.h">
      <Filter>Header Files</Filter>
    </ClInclude>
    <ClInclude Include="BLE_Structs.h">
      <Filter>Header Files</Filter>
    </ClInclude>
    <ClInclude Include="BLE_Callbacks.h">
      <Filter>Header Files</Filter>
    </ClInclude>
    <ClInclude Include="BLE_API_Ext.h">
      <Filter>Header Files</Filter>
    </ClInclude>
    <ClInclude Include="BLE_NamedPipe.h">
      <Filter>Header Files</Filter>
    </ClInclude>
    <ClInclude Include="BLE_API_ExtraTypes.h">
      <Filter>Header Files</Filter>
    </ClInclude>
    <ClInclude Include="BLE_API_Types.h">
      <Filter>Header Files</Filter>
    </ClInclude>
    <ClInclude Include="DebugLogging.h">
      <Filter>Header Files</Filter>
    </ClInclude>
    <ClInclude Include="CurrentState.h">
      <Filter>Header Files</Filter>
    </ClInclude>
    <ClInclude Include="ScopedLock.h">
      <Filter>Header Files</Filter>
    </ClInclude>
    <ClInclude Include="IConstReader.h">
      <Filter>Header Files</Filter>
    </ClInclude>
    <ClInclude Include="COMReader.h">
      <Filter>Header Files</Filter>
    </ClInclude>
    <ClInclude Include="MessageQueue.h">
      <Filter>Header Files</Filter>
    </ClInclude>
    <ClInclude Include="ReadWriteLocker.h">
      <Filter>Header Files</Filter>
    </ClInclude>
    <ClInclude Include="NPReader.h">
      <Filter>Header Files</Filter>
    </ClInclude>
    <ClInclude Include="SafeObject.h">
      <Filter>Header Files</Filter>
    </ClInclude>
    <ClInclude Include="BLE_Command_Chain_Link.h">
      <Filter>Header Files</Filter>
    </ClInclude>
    <ClInclude Include="MiTokenBLE.h">
      <Filter>MiTokenBLE\Header Files</Filter>
    </ClInclude>
    <ClInclude Include="MiTokenBLEChild.h">
      <Filter>MiTokenBLE\Header Files</Filter>
    </ClInclude>
    <ClInclude Include="MiTokenBLEConnection.h">
      <Filter>MiTokenBLE\Header Files</Filter>
    </ClInclude>
    <ClInclude Include="MiTokenBLEPriv.h">
      <Filter>MiTokenBLE\Header Files</Filter>
    </ClInclude>
    <ClInclude Include="MiTokenBLE_Commands.h">
      <Filter>MiTokenBLE\Header Files</Filter>
    </ClInclude>
    <ClInclude Include="GenericUtils.h">
      <Filter>Header Files</Filter>
    </ClInclude>
  </ItemGroup>
</Project>