<?xml version="1.0" encoding="utf-8"?>
<Project ToolsVersion="4.0" xmlns="http://schemas.microsoft.com/developer/msbuild/2003">
  <ItemGroup>
    <Filter Include="Source Files">
      <UniqueIdentifier>{3166dcc9-15a9-47b7-ba7e-7bcf6047f768}</UniqueIdentifier>
      <Extensions>cpp;c;cxx;rc;def;r;odl;idl;hpj;bat</Extensions>
    </Filter>
    <Filter Include="Header Files">
      <UniqueIdentifier>{daa172b5-a6cb-4fbd-b7c8-21941445eced}</UniqueIdentifier>
      <Extensions>h;hpp;hxx;hm;inl</Extensions>
    </Filter>
  </ItemGroup>
  <ItemGroup>
    <ClCompile Include="Debug.cpp">
      <Filter>Source Files</Filter>
    </ClCompile>
    <ClCompile Include="..\..\CredProvider\MiTokenCredentialProvider\DebugLogging.cpp">
      <Filter>Source Files</Filter>
    </ClCompile>
    <ClCompile Include="..\..\..\RADIUS\MiTokenOTPLib\hmac.c">
      <Filter>Source Files</Filter>
    </ClCompile>
    <ClCompile Include="..\..\..\RADIUS\MiTokenOTPLib\oath.c">
      <Filter>Source Files</Filter>
    </ClCompile>
    <ClCompile Include="..\..\..\RADIUS\MiTokenOTPLib\sha1.c">
      <Filter>Source Files</Filter>
    </ClCompile>
    <ClCompile Include="..\..\..\RADIUS\MiTokenOTPLib\sha224-256.c">
      <Filter>Source Files</Filter>
    </ClCompile>
    <ClCompile Include="..\..\..\RADIUS\MiTokenOTPLib\sha384-512.c">
      <Filter>Source Files</Filter>
    </ClCompile>
    <ClCompile Include="UnlockGinaDlg.cpp">
      <Filter>Source Files</Filter>
    </ClCompile>
    <ClCompile Include="UnlockGinaHook.cpp">
      <Filter>Source Files</Filter>
    </ClCompile>
    <ClCompile Include="..\..\..\RADIUS\MiTokenOTPLib\usha.c">
      <Filter>Source Files</Filter>
    </ClCompile>
  </ItemGroup>
  <ItemGroup>
    <ResourceCompile Include="MiTokenGINA.rc">
      <Filter>Source Files</Filter>
    </ResourceCompile>
  </ItemGroup>
  <ItemGroup>
    <None Include="UnlockGinaHook.Def">
      <Filter>Source Files</Filter>
    </None>
    <None Include="ict_logo_2.bmp" />
  </ItemGroup>
  <ItemGroup>
    <ClInclude Include="Debug.h">
      <Filter>Header Files</Filter>
    </ClInclude>
    <ClInclude Include="..\..\CredProvider\MiTokenCredentialProvider\DebugLogging.h">
      <Filter>Header Files</Filter>
    </ClInclude>
    <ClInclude Include="..\..\..\RADIUS\MiTokenOTPLib\oath.h">
      <Filter>Header Files</Filter>
    </ClInclude>
    <ClInclude Include="resource.h">
      <Filter>Header Files</Filter>
    </ClInclude>
    <ClInclude Include="..\..\..\RADIUS\MiTokenOTPLib\sha-private.h">
      <Filter>Header Files</Filter>
    </ClInclude>
    <ClInclude Include="..\..\..\RADIUS\MiTokenOTPLib\sha.h">
      <Filter>Header Files</Filter>
    </ClInclude>
    <ClInclude Include="UnlockGinaDlg.h">
      <Filter>Header Files</Filter>
    </ClInclude>
    <ClInclude Include="UnlockGinaHook.h">
      <Filter>Header Files</Filter>
    </ClInclude>
  </ItemGroup>
</Project>