
Microsoft Visual Studio Solution File, Format Version 12.00
# Visual Studio 2012
Project("{FAE04EC0-301F-11D3-BF4B-00C04F79EFBC}") = "API Autoconfig", "API Autoconfig\API Autoconfig.csproj", "{50BB5725-B231-4399-82A2-CA7CD993A6AD}"
EndProject
Project("{8BC9CEB8-8B4A-11D0-8D11-00A0C91BC942}") = "MetaInstaller", "..\MetaInstaller\MetaInstaller\MetaInstaller.vcxproj", "{E7A61FE2-A2DA-441C-BEFD-3ABC12793701}"
	ProjectSection(ProjectDependencies) = postProject
		{BBCC583A-6DEC-4A0F-89C6-1D9F4D795883} = {BBCC583A-6DEC-4A0F-89C6-1D9F4D795883}
		{C84E0FBA-4073-407A-999B-124DBD6046A7} = {C84E0FBA-4073-407A-999B-124DBD6046A7}
	EndProjectSection
EndProject
Project("{8BC9CEB8-8B4A-11D0-8D11-00A0C91BC942}") = "OTPCheck", "OTPCheck\OTPCheck.vcxproj", "{66C5E7B5-08DD-40B9-A4C3-EEC3AE2126FC}"
EndProject
Project("{8BC9CEB8-8B4A-11D0-8D11-00A0C91BC942}") = "MiTokenAPICpp", "MiTokenAPICpp\MiTokenAPICpp.vcxproj", "{E1BDEB7B-A910-417F-B01F-2F95D618660D}"
EndProject
Project("{8BC9CEB8-8B4A-11D0-8D11-00A0C91BC942}") = "MiTokenAP", "..\MiTokenAP\MiTokenAP\MiTokenAP.vcxproj", "{1BA67A3B-E7C8-448A-83B6-FB9E1F1FD0A5}"
	ProjectSection(ProjectDependencies) = postProject
		{66C5E7B5-08DD-40B9-A4C3-EEC3AE2126FC} = {66C5E7B5-08DD-40B9-A4C3-EEC3AE2126FC}
	EndProjectSection
EndProject
Project("{8BC9CEB8-8B4A-11D0-8D11-00A0C91BC942}") = "MiTokenBLELogin", "..\MiTokenBLELogin\MiTokenBLELogin\MiTokenBLELogin.vcxproj", "{47E87E7B-273A-4832-9845-633BED9ABA65}"
	ProjectSection(ProjectDependencies) = postProject
		{66C5E7B5-08DD-40B9-A4C3-EEC3AE2126FC} = {66C5E7B5-08DD-40B9-A4C3-EEC3AE2126FC}
	EndProjectSection
EndProject
Project("{8BC9CEB8-8B4A-11D0-8D11-00A0C91BC942}") = "MiTokenBLELoginAsync", "..\MiTokenBLELoginAsync\MiTokenBLELoginAsync\MiTokenBLELoginAsync.vcxproj", "{9F412662-E433-4F5B-9DC6-97844A0E73A0}"
	ProjectSection(ProjectDependencies) = postProject
		{E1BDEB7B-A910-417F-B01F-2F95D618660D} = {E1BDEB7B-A910-417F-B01F-2F95D618660D}
		{66C5E7B5-08DD-40B9-A4C3-EEC3AE2126FC} = {66C5E7B5-08DD-40B9-A4C3-EEC3AE2126FC}
		{4C2865DF-5CE4-4205-8CA1-0E446FC6B7C9} = {4C2865DF-5CE4-4205-8CA1-0E446FC6B7C9}
		{5F522EFA-05D5-4164-B8C1-31529F1A7704} = {5F522EFA-05D5-4164-B8C1-31529F1A7704}
	EndProjectSection
EndProject
Project("{930C7802-8A8C-48F9-8165-68863BCCD9DD}") = "BLEInstaller", "BLEInstaller\BLEInstaller.wixproj", "{3A09D10D-3F74-46DC-8822-BA55D140B54C}"
	ProjectSection(ProjectDependencies) = postProject
		{9F412662-E433-4F5B-9DC6-97844A0E73A0} = {9F412662-E433-4F5B-9DC6-97844A0E73A0}
		{20F96D6B-23CF-4AA3-AA52-0CFF973C660A} = {20F96D6B-23CF-4AA3-AA52-0CFF973C660A}
		{44D914A9-23B7-4F17-8FED-857C1C1730F2} = {44D914A9-23B7-4F17-8FED-857C1C1730F2}
	EndProjectSection
EndProject
Project("{8BC9CEB8-8B4A-11D0-8D11-00A0C91BC942}") = "BLELibV2", "..\BLESample\BLELibV2\BLELibV2.vcxproj", "{5F522EFA-05D5-4164-B8C1-31529F1A7704}"
EndProject
Project("{8BC9CEB8-8B4A-11D0-8D11-00A0C91BC942}") = "BLELockout", "..\BLESample\BLELockout\BLELockout.vcxproj", "{20F96D6B-23CF-4AA3-AA52-0CFF973C660A}"
	ProjectSection(ProjectDependencies) = postProject
		{5F522EFA-05D5-4164-B8C1-31529F1A7704} = {5F522EFA-05D5-4164-B8C1-31529F1A7704}
	EndProjectSection
EndProject
Project("{8BC9CEB8-8B4A-11D0-8D11-00A0C91BC942}") = "MiTokenCredProvider", "..\CredProvider\MiTokenCredentialProvider\MiTokenCredentialProvider.vcxproj", "{7348AEE0-1F4A-4436-B782-6ABB694911AE}"
	ProjectSection(ProjectDependencies) = postProject
		{66C5E7B5-08DD-40B9-A4C3-EEC3AE2126FC} = {66C5E7B5-08DD-40B9-A4C3-EEC3AE2126FC}
	EndProjectSection
EndProject
Project("{930C7802-8A8C-48F9-8165-68863BCCD9DD}") = "Installer", "Installer\Installer.wixproj", "{BBCC583A-6DEC-4A0F-89C6-1D9F4D795883}"
	ProjectSection(ProjectDependencies) = postProject
		{D704DBBE-2C8C-4435-A0BE-DD6AD3A92164} = {D704DBBE-2C8C-4435-A0BE-DD6AD3A92164}
		{7348AEE0-1F4A-4436-B782-6ABB694911AE} = {7348AEE0-1F4A-4436-B782-6ABB694911AE}
		{AF838DE4-894B-4187-994D-EC0663A3AB33} = {AF838DE4-894B-4187-994D-EC0663A3AB33}
	EndProjectSection
EndProject
Project("{8BC9CEB8-8B4A-11D0-8D11-00A0C91BC942}") = "FreeRadius", "..\FreeRadius\FreeRadius.vcxproj", "{4C2865DF-5CE4-4205-8CA1-0E446FC6B7C9}"
EndProject
Project("{FAE04EC0-301F-11D3-BF4B-00C04F79EFBC}") = "BLE Configuration Tool", "..\BLESample\BLE Configuration Tool\BLE Configuration Tool.csproj", "{44D914A9-23B7-4F17-8FED-857C1C1730F2}"
EndProject
Project("{8BC9CEB8-8B4A-11D0-8D11-00A0C91BC942}") = "BLEDLLV2", "..\BLESample\BLEDLLV2\BLEDLLV2.vcxproj", "{E88AF298-17D8-4707-9762-7ACD0252F0EB}"
EndProject
Project("{FAE04EC0-301F-11D3-BF4B-00C04F79EFBC}") = "API setup", "API setup\API setup.csproj", "{D704DBBE-2C8C-4435-A0BE-DD6AD3A92164}"
EndProject
Project("{8BC9CEB8-8B4A-11D0-8D11-00A0C91BC942}") = "MiTokenGINA", "MiTokenGina\MiTokenGINA.vcxproj", "{C59F3749-DAF3-4276-BEC2-B18002ADE788}"
EndProject
Project("{FAE04EC0-301F-11D3-BF4B-00C04F79EFBC}") = "API Tester", "..\API Tester\API Tester\API Tester.csproj", "{AF838DE4-894B-4187-994D-EC0663A3AB33}"
EndProject
Project("{2150E333-8FDC-42A3-9474-1A3956D46DE8}") = "Solution Items", "Solution Items", "{9BCCBF8D-22F7-482E-A346-D639B12726B5}"
	ProjectSection(SolutionItems) = preProject
		postbuild.bat = postbuild.bat
	EndProjectSection
EndProject
Project("{2150E333-8FDC-42A3-9474-1A3956D46DE8}") = "BLE", "BLE", "{EB87666E-9C62-423D-840C-55BF7F5525DF}"
EndProject
Project("{8BC9CEB8-8B4A-11D0-8D11-00A0C91BC942}") = "MiTokenOTPLib", "..\..\RADIUS\MiTokenOTPLib\MiTokenOTPLib.vcxproj", "{C84E0FBA-4073-407A-999B-124DBD6046A7}"
EndProject
Project("{930C7802-8A8C-48F9-8165-68863BCCD9DD}") = "InstallBootstrapper", "InstallBootstrapper\InstallBootstrapper.wixproj", "{12D554ED-44DD-4F97-82C9-9FC2D3DEF2E3}"
EndProject
Project("{930C7802-8A8C-48F9-8165-68863BCCD9DD}") = "CacheUpdaterInstallerClient", "CacheUpdaterInstaller\CacheUpdaterInstallerClient.wixproj", "{7E9BFF82-FB26-4C7B-A14D-FEB6FE722ED2}"
	ProjectSection(ProjectDependencies) = postProject
		{44CCECAA-459B-4A30-961C-1D0829A60F63} = {44CCECAA-459B-4A30-961C-1D0829A60F63}
		{AEAF6EC8-8490-416B-8D19-AC34D671F8A3} = {AEAF6EC8-8490-416B-8D19-AC34D671F8A3}
	EndProjectSection
EndProject
Project("{930C7802-8A8C-48F9-8165-68863BCCD9DD}") = "CacheUpdaterInstallerClientBootstrapper", "CacheUpdaterInstallerClientBootstrapper\CacheUpdaterInstallerClientBootstrapper.wixproj", "{F7EDBBB9-3AAA-4EC2-B11E-A20AC07E9145}"
EndProject
Project("{FAE04EC0-301F-11D3-BF4B-00C04F79EFBC}") = "OTP Cache Config", "..\MiTokenOfflineTokenSync\OTP Cache Config\OTP Cache Config.csproj", "{AEAF6EC8-8490-416B-8D19-AC34D671F8A3}"
EndProject
Project("{FAE04EC0-301F-11D3-BF4B-00C04F79EFBC}") = "MiTokenOfflineTokenSync", "..\MiTokenOfflineTokenSync\MiTokenOfflineTokenSync\MiTokenOfflineTokenSync.csproj", "{44CCECAA-459B-4A30-961C-1D0829A60F63}"
EndProject
Global
	GlobalSection(SolutionConfigurationPlatforms) = preSolution
		Debug|Any CPU = Debug|Any CPU
		Debug|Mixed Platforms = Debug|Mixed Platforms
		Debug|Win32 = Debug|Win32
		Debug|x64 = Debug|x64
		Debug|x86 = Debug|x86
		DebugWithEx|Any CPU = DebugWithEx|Any CPU
		DebugWithEx|Mixed Platforms = DebugWithEx|Mixed Platforms
		DebugWithEx|Win32 = DebugWithEx|Win32
		DebugWithEx|x64 = DebugWithEx|x64
		DebugWithEx|x86 = DebugWithEx|x86
		Mi-Token AP Release|Any CPU = Mi-Token AP Release|Any CPU
		Mi-Token AP Release|Mixed Platforms = Mi-Token AP Release|Mixed Platforms
		Mi-Token AP Release|Win32 = Mi-Token AP Release|Win32
		Mi-Token AP Release|x64 = Mi-Token AP Release|x64
		Mi-Token AP Release|x86 = Mi-Token AP Release|x86
		Release|Any CPU = Release|Any CPU
		Release|Mixed Platforms = Release|Mixed Platforms
		Release|Win32 = Release|Win32
		Release|x64 = Release|x64
		Release|x86 = Release|x86
		UnitTest|Any CPU = UnitTest|Any CPU
		UnitTest|Mixed Platforms = UnitTest|Mixed Platforms
		UnitTest|Win32 = UnitTest|Win32
		UnitTest|x64 = UnitTest|x64
		UnitTest|x86 = UnitTest|x86
	EndGlobalSection
	GlobalSection(ProjectConfigurationPlatforms) = postSolution
		{50BB5725-B231-4399-82A2-CA7CD993A6AD}.Debug|Any CPU.ActiveCfg = Debug|Any CPU
		{50BB5725-B231-4399-82A2-CA7CD993A6AD}.Debug|Any CPU.Build.0 = Debug|Any CPU
		{50BB5725-B231-4399-82A2-CA7CD993A6AD}.Debug|Mixed Platforms.ActiveCfg = Debug|Any CPU
		{50BB5725-B231-4399-82A2-CA7CD993A6AD}.Debug|Mixed Platforms.Build.0 = Debug|Any CPU
		{50BB5725-B231-4399-82A2-CA7CD993A6AD}.Debug|Win32.ActiveCfg = Debug|Any CPU
		{50BB5725-B231-4399-82A2-CA7CD993A6AD}.Debug|x64.ActiveCfg = Debug|x64
		{50BB5725-B231-4399-82A2-CA7CD993A6AD}.Debug|x64.Build.0 = Debug|x64
		{50BB5725-B231-4399-82A2-CA7CD993A6AD}.Debug|x86.ActiveCfg = Debug|Any CPU
		{50BB5725-B231-4399-82A2-CA7CD993A6AD}.DebugWithEx|Any CPU.ActiveCfg = Debug|x64
		{50BB5725-B231-4399-82A2-CA7CD993A6AD}.DebugWithEx|Mixed Platforms.ActiveCfg = Debug|x64
		{50BB5725-B231-4399-82A2-CA7CD993A6AD}.DebugWithEx|Mixed Platforms.Build.0 = Debug|x64
		{50BB5725-B231-4399-82A2-CA7CD993A6AD}.DebugWithEx|Win32.ActiveCfg = Debug|x64
		{50BB5725-B231-4399-82A2-CA7CD993A6AD}.DebugWithEx|x64.ActiveCfg = Debug|x64
		{50BB5725-B231-4399-82A2-CA7CD993A6AD}.DebugWithEx|x64.Build.0 = Debug|x64
		{50BB5725-B231-4399-82A2-CA7CD993A6AD}.DebugWithEx|x86.ActiveCfg = Debug|x64
		{50BB5725-B231-4399-82A2-CA7CD993A6AD}.Mi-Token AP Release|Any CPU.ActiveCfg = Mi-Token AP Release|Any CPU
		{50BB5725-B231-4399-82A2-CA7CD993A6AD}.Mi-Token AP Release|Any CPU.Build.0 = Mi-Token AP Release|Any CPU
		{50BB5725-B231-4399-82A2-CA7CD993A6AD}.Mi-Token AP Release|Mixed Platforms.ActiveCfg = Mi-Token AP Release|x64
		{50BB5725-B231-4399-82A2-CA7CD993A6AD}.Mi-Token AP Release|Mixed Platforms.Build.0 = Mi-Token AP Release|x64
		{50BB5725-B231-4399-82A2-CA7CD993A6AD}.Mi-Token AP Release|Win32.ActiveCfg = Mi-Token AP Release|x64
		{50BB5725-B231-4399-82A2-CA7CD993A6AD}.Mi-Token AP Release|x64.ActiveCfg = Mi-Token AP Release|x64
		{50BB5725-B231-4399-82A2-CA7CD993A6AD}.Mi-Token AP Release|x64.Build.0 = Mi-Token AP Release|x64
		{50BB5725-B231-4399-82A2-CA7CD993A6AD}.Mi-Token AP Release|x86.ActiveCfg = Mi-Token AP Release|Any CPU
		{50BB5725-B231-4399-82A2-CA7CD993A6AD}.Release|Any CPU.ActiveCfg = Release|Any CPU
		{50BB5725-B231-4399-82A2-CA7CD993A6AD}.Release|Any CPU.Build.0 = Release|Any CPU
		{50BB5725-B231-4399-82A2-CA7CD993A6AD}.Release|Mixed Platforms.ActiveCfg = Release|Any CPU
		{50BB5725-B231-4399-82A2-CA7CD993A6AD}.Release|Mixed Platforms.Build.0 = Release|Any CPU
		{50BB5725-B231-4399-82A2-CA7CD993A6AD}.Release|Win32.ActiveCfg = Release|Any CPU
		{50BB5725-B231-4399-82A2-CA7CD993A6AD}.Release|Win32.Build.0 = Release|Any CPU
		{50BB5725-B231-4399-82A2-CA7CD993A6AD}.Release|x64.ActiveCfg = Release|x64
		{50BB5725-B231-4399-82A2-CA7CD993A6AD}.Release|x64.Build.0 = Release|x64
		{50BB5725-B231-4399-82A2-CA7CD993A6AD}.Release|x86.ActiveCfg = Release|Any CPU
		{50BB5725-B231-4399-82A2-CA7CD993A6AD}.Release|x86.Build.0 = Release|Any CPU
		{50BB5725-B231-4399-82A2-CA7CD993A6AD}.UnitTest|Any CPU.ActiveCfg = Release|Any CPU
		{50BB5725-B231-4399-82A2-CA7CD993A6AD}.UnitTest|Any CPU.Build.0 = Release|Any CPU
		{50BB5725-B231-4399-82A2-CA7CD993A6AD}.UnitTest|Mixed Platforms.ActiveCfg = Release|Any CPU
		{50BB5725-B231-4399-82A2-CA7CD993A6AD}.UnitTest|Mixed Platforms.Build.0 = Release|Any CPU
		{50BB5725-B231-4399-82A2-CA7CD993A6AD}.UnitTest|Win32.ActiveCfg = Release|Any CPU
		{50BB5725-B231-4399-82A2-CA7CD993A6AD}.UnitTest|x64.ActiveCfg = Release|x64
		{50BB5725-B231-4399-82A2-CA7CD993A6AD}.UnitTest|x64.Build.0 = Release|x64
		{50BB5725-B231-4399-82A2-CA7CD993A6AD}.UnitTest|x86.ActiveCfg = Release|Any CPU
		{E7A61FE2-A2DA-441C-BEFD-3ABC12793701}.Debug|Any CPU.ActiveCfg = Debug|Win32
		{E7A61FE2-A2DA-441C-BEFD-3ABC12793701}.Debug|Mixed Platforms.ActiveCfg = Debug|Win32
		{E7A61FE2-A2DA-441C-BEFD-3ABC12793701}.Debug|Mixed Platforms.Build.0 = Debug|Win32
		{E7A61FE2-A2DA-441C-BEFD-3ABC12793701}.Debug|Win32.ActiveCfg = Debug|Win32
		{E7A61FE2-A2DA-441C-BEFD-3ABC12793701}.Debug|Win32.Build.0 = Debug|Win32
		{E7A61FE2-A2DA-441C-BEFD-3ABC12793701}.Debug|x64.ActiveCfg = Debug|Win32
		{E7A61FE2-A2DA-441C-BEFD-3ABC12793701}.Debug|x86.ActiveCfg = Debug|Win32
		{E7A61FE2-A2DA-441C-BEFD-3ABC12793701}.Debug|x86.Build.0 = Debug|Win32
		{E7A61FE2-A2DA-441C-BEFD-3ABC12793701}.DebugWithEx|Any CPU.ActiveCfg = Debug|Win32
		{E7A61FE2-A2DA-441C-BEFD-3ABC12793701}.DebugWithEx|Mixed Platforms.ActiveCfg = Debug|Win32
		{E7A61FE2-A2DA-441C-BEFD-3ABC12793701}.DebugWithEx|Mixed Platforms.Build.0 = Debug|Win32
		{E7A61FE2-A2DA-441C-BEFD-3ABC12793701}.DebugWithEx|Win32.ActiveCfg = Debug|Win32
		{E7A61FE2-A2DA-441C-BEFD-3ABC12793701}.DebugWithEx|Win32.Build.0 = Debug|Win32
		{E7A61FE2-A2DA-441C-BEFD-3ABC12793701}.DebugWithEx|x64.ActiveCfg = Debug|Win32
		{E7A61FE2-A2DA-441C-BEFD-3ABC12793701}.DebugWithEx|x86.ActiveCfg = Debug|Win32
		{E7A61FE2-A2DA-441C-BEFD-3ABC12793701}.Mi-Token AP Release|Any CPU.ActiveCfg = Mi-Token AP Release|Win32
		{E7A61FE2-A2DA-441C-BEFD-3ABC12793701}.Mi-Token AP Release|Mixed Platforms.ActiveCfg = Mi-Token AP Release|Win32
		{E7A61FE2-A2DA-441C-BEFD-3ABC12793701}.Mi-Token AP Release|Mixed Platforms.Build.0 = Mi-Token AP Release|Win32
		{E7A61FE2-A2DA-441C-BEFD-3ABC12793701}.Mi-Token AP Release|Win32.ActiveCfg = Mi-Token AP Release|Win32
		{E7A61FE2-A2DA-441C-BEFD-3ABC12793701}.Mi-Token AP Release|Win32.Build.0 = Mi-Token AP Release|Win32
		{E7A61FE2-A2DA-441C-BEFD-3ABC12793701}.Mi-Token AP Release|x64.ActiveCfg = Mi-Token AP Release|Win32
		{E7A61FE2-A2DA-441C-BEFD-3ABC12793701}.Mi-Token AP Release|x86.ActiveCfg = Mi-Token AP Release|Win32
		{E7A61FE2-A2DA-441C-BEFD-3ABC12793701}.Release|Any CPU.ActiveCfg = Release|Win32
		{E7A61FE2-A2DA-441C-BEFD-3ABC12793701}.Release|Mixed Platforms.ActiveCfg = Release|Win32
		{E7A61FE2-A2DA-441C-BEFD-3ABC12793701}.Release|Mixed Platforms.Build.0 = Release|Win32
		{E7A61FE2-A2DA-441C-BEFD-3ABC12793701}.Release|Win32.ActiveCfg = Release|Win32
		{E7A61FE2-A2DA-441C-BEFD-3ABC12793701}.Release|Win32.Build.0 = Release|Win32
		{E7A61FE2-A2DA-441C-BEFD-3ABC12793701}.Release|x64.ActiveCfg = Release|Win32
		{E7A61FE2-A2DA-441C-BEFD-3ABC12793701}.Release|x64.Build.0 = Release|Win32
		{E7A61FE2-A2DA-441C-BEFD-3ABC12793701}.Release|x86.ActiveCfg = Release|Win32
		{E7A61FE2-A2DA-441C-BEFD-3ABC12793701}.Release|x86.Build.0 = Release|Win32
		{E7A61FE2-A2DA-441C-BEFD-3ABC12793701}.UnitTest|Any CPU.ActiveCfg = Release|Win32
		{E7A61FE2-A2DA-441C-BEFD-3ABC12793701}.UnitTest|Mixed Platforms.ActiveCfg = Release|Win32
		{E7A61FE2-A2DA-441C-BEFD-3ABC12793701}.UnitTest|Mixed Platforms.Build.0 = Release|Win32
		{E7A61FE2-A2DA-441C-BEFD-3ABC12793701}.UnitTest|Win32.ActiveCfg = Release|Win32
		{E7A61FE2-A2DA-441C-BEFD-3ABC12793701}.UnitTest|Win32.Build.0 = Release|Win32
		{E7A61FE2-A2DA-441C-BEFD-3ABC12793701}.UnitTest|x64.ActiveCfg = Release|Win32
		{E7A61FE2-A2DA-441C-BEFD-3ABC12793701}.UnitTest|x86.ActiveCfg = Release|Win32
		{E7A61FE2-A2DA-441C-BEFD-3ABC12793701}.UnitTest|x86.Build.0 = Release|Win32
		{66C5E7B5-08DD-40B9-A4C3-EEC3AE2126FC}.Debug|Any CPU.ActiveCfg = Debug|Win32
		{66C5E7B5-08DD-40B9-A4C3-EEC3AE2126FC}.Debug|Mixed Platforms.ActiveCfg = Debug|Win32
		{66C5E7B5-08DD-40B9-A4C3-EEC3AE2126FC}.Debug|Mixed Platforms.Build.0 = Debug|Win32
		{66C5E7B5-08DD-40B9-A4C3-EEC3AE2126FC}.Debug|Win32.ActiveCfg = Debug|Win32
		{66C5E7B5-08DD-40B9-A4C3-EEC3AE2126FC}.Debug|Win32.Build.0 = Debug|Win32
		{66C5E7B5-08DD-40B9-A4C3-EEC3AE2126FC}.Debug|x64.ActiveCfg = Debug|x64
		{66C5E7B5-08DD-40B9-A4C3-EEC3AE2126FC}.Debug|x64.Build.0 = Debug|x64
		{66C5E7B5-08DD-40B9-A4C3-EEC3AE2126FC}.Debug|x86.ActiveCfg = Debug|Win32
		{66C5E7B5-08DD-40B9-A4C3-EEC3AE2126FC}.DebugWithEx|Any CPU.ActiveCfg = Debug|x64
		{66C5E7B5-08DD-40B9-A4C3-EEC3AE2126FC}.DebugWithEx|Mixed Platforms.ActiveCfg = Debug|x64
		{66C5E7B5-08DD-40B9-A4C3-EEC3AE2126FC}.DebugWithEx|Mixed Platforms.Build.0 = Debug|x64
		{66C5E7B5-08DD-40B9-A4C3-EEC3AE2126FC}.DebugWithEx|Win32.ActiveCfg = Debug|x64
		{66C5E7B5-08DD-40B9-A4C3-EEC3AE2126FC}.DebugWithEx|x64.ActiveCfg = Debug|x64
		{66C5E7B5-08DD-40B9-A4C3-EEC3AE2126FC}.DebugWithEx|x64.Build.0 = Debug|x64
		{66C5E7B5-08DD-40B9-A4C3-EEC3AE2126FC}.DebugWithEx|x86.ActiveCfg = Debug|x64
		{66C5E7B5-08DD-40B9-A4C3-EEC3AE2126FC}.Mi-Token AP Release|Any CPU.ActiveCfg = Mi-Token AP Release|x64
		{66C5E7B5-08DD-40B9-A4C3-EEC3AE2126FC}.Mi-Token AP Release|Mixed Platforms.ActiveCfg = Mi-Token AP Release|x64
		{66C5E7B5-08DD-40B9-A4C3-EEC3AE2126FC}.Mi-Token AP Release|Mixed Platforms.Build.0 = Mi-Token AP Release|x64
		{66C5E7B5-08DD-40B9-A4C3-EEC3AE2126FC}.Mi-Token AP Release|Win32.ActiveCfg = Mi-Token AP Release|Win32
		{66C5E7B5-08DD-40B9-A4C3-EEC3AE2126FC}.Mi-Token AP Release|Win32.Build.0 = Mi-Token AP Release|Win32
		{66C5E7B5-08DD-40B9-A4C3-EEC3AE2126FC}.Mi-Token AP Release|x64.ActiveCfg = Mi-Token AP Release|x64
		{66C5E7B5-08DD-40B9-A4C3-EEC3AE2126FC}.Mi-Token AP Release|x64.Build.0 = Mi-Token AP Release|x64
		{66C5E7B5-08DD-40B9-A4C3-EEC3AE2126FC}.Mi-Token AP Release|x86.ActiveCfg = Mi-Token AP Release|Win32
		{66C5E7B5-08DD-40B9-A4C3-EEC3AE2126FC}.Mi-Token AP Release|x86.Build.0 = Mi-Token AP Release|Win32
		{66C5E7B5-08DD-40B9-A4C3-EEC3AE2126FC}.Release|Any CPU.ActiveCfg = Release|Win32
		{66C5E7B5-08DD-40B9-A4C3-EEC3AE2126FC}.Release|Mixed Platforms.ActiveCfg = Release|Win32
		{66C5E7B5-08DD-40B9-A4C3-EEC3AE2126FC}.Release|Mixed Platforms.Build.0 = Release|Win32
		{66C5E7B5-08DD-40B9-A4C3-EEC3AE2126FC}.Release|Win32.ActiveCfg = Release|Win32
		{66C5E7B5-08DD-40B9-A4C3-EEC3AE2126FC}.Release|Win32.Build.0 = Release|Win32
		{66C5E7B5-08DD-40B9-A4C3-EEC3AE2126FC}.Release|x64.ActiveCfg = Release|x64
		{66C5E7B5-08DD-40B9-A4C3-EEC3AE2126FC}.Release|x64.Build.0 = Release|x64
		{66C5E7B5-08DD-40B9-A4C3-EEC3AE2126FC}.Release|x86.ActiveCfg = Release|Win32
		{66C5E7B5-08DD-40B9-A4C3-EEC3AE2126FC}.Release|x86.Build.0 = Release|Win32
		{66C5E7B5-08DD-40B9-A4C3-EEC3AE2126FC}.UnitTest|Any CPU.ActiveCfg = Release|Win32
		{66C5E7B5-08DD-40B9-A4C3-EEC3AE2126FC}.UnitTest|Mixed Platforms.ActiveCfg = Release|Win32
		{66C5E7B5-08DD-40B9-A4C3-EEC3AE2126FC}.UnitTest|Mixed Platforms.Build.0 = Release|Win32
		{66C5E7B5-08DD-40B9-A4C3-EEC3AE2126FC}.UnitTest|Win32.ActiveCfg = Release|Win32
		{66C5E7B5-08DD-40B9-A4C3-EEC3AE2126FC}.UnitTest|Win32.Build.0 = Release|Win32
		{66C5E7B5-08DD-40B9-A4C3-EEC3AE2126FC}.UnitTest|x64.ActiveCfg = Release|x64
		{66C5E7B5-08DD-40B9-A4C3-EEC3AE2126FC}.UnitTest|x64.Build.0 = Release|x64
		{66C5E7B5-08DD-40B9-A4C3-EEC3AE2126FC}.UnitTest|x86.ActiveCfg = Release|Win32
		{66C5E7B5-08DD-40B9-A4C3-EEC3AE2126FC}.UnitTest|x86.Build.0 = Release|Win32
		{E1BDEB7B-A910-417F-B01F-2F95D618660D}.Debug|Any CPU.ActiveCfg = Debug|Win32
		{E1BDEB7B-A910-417F-B01F-2F95D618660D}.Debug|Mixed Platforms.ActiveCfg = Debug|Win32
		{E1BDEB7B-A910-417F-B01F-2F95D618660D}.Debug|Mixed Platforms.Build.0 = Debug|Win32
		{E1BDEB7B-A910-417F-B01F-2F95D618660D}.Debug|Win32.ActiveCfg = Debug|Win32
		{E1BDEB7B-A910-417F-B01F-2F95D618660D}.Debug|Win32.Build.0 = Debug|Win32
		{E1BDEB7B-A910-417F-B01F-2F95D618660D}.Debug|x64.ActiveCfg = Debug|x64
		{E1BDEB7B-A910-417F-B01F-2F95D618660D}.Debug|x64.Build.0 = Debug|x64
		{E1BDEB7B-A910-417F-B01F-2F95D618660D}.Debug|x86.ActiveCfg = Debug|Win32
		{E1BDEB7B-A910-417F-B01F-2F95D618660D}.DebugWithEx|Any CPU.ActiveCfg = Debug|x64
		{E1BDEB7B-A910-417F-B01F-2F95D618660D}.DebugWithEx|Mixed Platforms.ActiveCfg = Debug|x64
		{E1BDEB7B-A910-417F-B01F-2F95D618660D}.DebugWithEx|Mixed Platforms.Build.0 = Debug|x64
		{E1BDEB7B-A910-417F-B01F-2F95D618660D}.DebugWithEx|Win32.ActiveCfg = Debug|x64
		{E1BDEB7B-A910-417F-B01F-2F95D618660D}.DebugWithEx|x64.ActiveCfg = Debug|x64
		{E1BDEB7B-A910-417F-B01F-2F95D618660D}.DebugWithEx|x64.Build.0 = Debug|x64
		{E1BDEB7B-A910-417F-B01F-2F95D618660D}.DebugWithEx|x86.ActiveCfg = Debug|x64
		{E1BDEB7B-A910-417F-B01F-2F95D618660D}.Mi-Token AP Release|Any CPU.ActiveCfg = Mi-Token AP Release|x64
		{E1BDEB7B-A910-417F-B01F-2F95D618660D}.Mi-Token AP Release|Mixed Platforms.ActiveCfg = Mi-Token AP Release|x64
		{E1BDEB7B-A910-417F-B01F-2F95D618660D}.Mi-Token AP Release|Mixed Platforms.Build.0 = Mi-Token AP Release|x64
		{E1BDEB7B-A910-417F-B01F-2F95D618660D}.Mi-Token AP Release|Win32.ActiveCfg = Mi-Token AP Release|Win32
		{E1BDEB7B-A910-417F-B01F-2F95D618660D}.Mi-Token AP Release|Win32.Build.0 = Mi-Token AP Release|Win32
		{E1BDEB7B-A910-417F-B01F-2F95D618660D}.Mi-Token AP Release|x64.ActiveCfg = Mi-Token AP Release|x64
		{E1BDEB7B-A910-417F-B01F-2F95D618660D}.Mi-Token AP Release|x64.Build.0 = Mi-Token AP Release|x64
		{E1BDEB7B-A910-417F-B01F-2F95D618660D}.Mi-Token AP Release|x86.ActiveCfg = Mi-Token AP Release|Win32
		{E1BDEB7B-A910-417F-B01F-2F95D618660D}.Release|Any CPU.ActiveCfg = Release|Win32
		{E1BDEB7B-A910-417F-B01F-2F95D618660D}.Release|Mixed Platforms.ActiveCfg = Release|Win32
		{E1BDEB7B-A910-417F-B01F-2F95D618660D}.Release|Mixed Platforms.Build.0 = Release|Win32
		{E1BDEB7B-A910-417F-B01F-2F95D618660D}.Release|Win32.ActiveCfg = Release|Win32
		{E1BDEB7B-A910-417F-B01F-2F95D618660D}.Release|Win32.Build.0 = Release|Win32
		{E1BDEB7B-A910-417F-B01F-2F95D618660D}.Release|x64.ActiveCfg = Release|x64
		{E1BDEB7B-A910-417F-B01F-2F95D618660D}.Release|x64.Build.0 = Release|x64
		{E1BDEB7B-A910-417F-B01F-2F95D618660D}.Release|x86.ActiveCfg = Release|Win32
		{E1BDEB7B-A910-417F-B01F-2F95D618660D}.Release|x86.Build.0 = Release|Win32
		{E1BDEB7B-A910-417F-B01F-2F95D618660D}.UnitTest|Any CPU.ActiveCfg = Release|Win32
		{E1BDEB7B-A910-417F-B01F-2F95D618660D}.UnitTest|Mixed Platforms.ActiveCfg = Release|Win32
		{E1BDEB7B-A910-417F-B01F-2F95D618660D}.UnitTest|Mixed Platforms.Build.0 = Release|Win32
		{E1BDEB7B-A910-417F-B01F-2F95D618660D}.UnitTest|Win32.ActiveCfg = Release|Win32
		{E1BDEB7B-A910-417F-B01F-2F95D618660D}.UnitTest|Win32.Build.0 = Release|Win32
		{E1BDEB7B-A910-417F-B01F-2F95D618660D}.UnitTest|x64.ActiveCfg = Release|x64
		{E1BDEB7B-A910-417F-B01F-2F95D618660D}.UnitTest|x64.Build.0 = Release|x64
		{E1BDEB7B-A910-417F-B01F-2F95D618660D}.UnitTest|x86.ActiveCfg = Release|Win32
		{E1BDEB7B-A910-417F-B01F-2F95D618660D}.UnitTest|x86.Build.0 = Release|Win32
		{1BA67A3B-E7C8-448A-83B6-FB9E1F1FD0A5}.Debug|Any CPU.ActiveCfg = Debug|x64
		{1BA67A3B-E7C8-448A-83B6-FB9E1F1FD0A5}.Debug|Mixed Platforms.ActiveCfg = Debug|x64
		{1BA67A3B-E7C8-448A-83B6-FB9E1F1FD0A5}.Debug|Mixed Platforms.Build.0 = Debug|x64
		{1BA67A3B-E7C8-448A-83B6-FB9E1F1FD0A5}.Debug|Win32.ActiveCfg = Debug|Win32
		{1BA67A3B-E7C8-448A-83B6-FB9E1F1FD0A5}.Debug|Win32.Build.0 = Debug|Win32
		{1BA67A3B-E7C8-448A-83B6-FB9E1F1FD0A5}.Debug|x64.ActiveCfg = Debug|x64
		{1BA67A3B-E7C8-448A-83B6-FB9E1F1FD0A5}.Debug|x64.Build.0 = Debug|x64
		{1BA67A3B-E7C8-448A-83B6-FB9E1F1FD0A5}.Debug|x86.ActiveCfg = Debug|x64
		{1BA67A3B-E7C8-448A-83B6-FB9E1F1FD0A5}.DebugWithEx|Any CPU.ActiveCfg = Debug|x64
		{1BA67A3B-E7C8-448A-83B6-FB9E1F1FD0A5}.DebugWithEx|Mixed Platforms.ActiveCfg = Debug|x64
		{1BA67A3B-E7C8-448A-83B6-FB9E1F1FD0A5}.DebugWithEx|Mixed Platforms.Build.0 = Debug|x64
		{1BA67A3B-E7C8-448A-83B6-FB9E1F1FD0A5}.DebugWithEx|Win32.ActiveCfg = Debug|x64
		{1BA67A3B-E7C8-448A-83B6-FB9E1F1FD0A5}.DebugWithEx|x64.ActiveCfg = Debug|x64
		{1BA67A3B-E7C8-448A-83B6-FB9E1F1FD0A5}.DebugWithEx|x64.Build.0 = Debug|x64
		{1BA67A3B-E7C8-448A-83B6-FB9E1F1FD0A5}.DebugWithEx|x86.ActiveCfg = Debug|x64
		{1BA67A3B-E7C8-448A-83B6-FB9E1F1FD0A5}.Mi-Token AP Release|Any CPU.ActiveCfg = Mi-Token AP Release|x64
		{1BA67A3B-E7C8-448A-83B6-FB9E1F1FD0A5}.Mi-Token AP Release|Mixed Platforms.ActiveCfg = Mi-Token AP Release|x64
		{1BA67A3B-E7C8-448A-83B6-FB9E1F1FD0A5}.Mi-Token AP Release|Mixed Platforms.Build.0 = Mi-Token AP Release|x64
		{1BA67A3B-E7C8-448A-83B6-FB9E1F1FD0A5}.Mi-Token AP Release|Win32.ActiveCfg = Mi-Token AP Release|Win32
		{1BA67A3B-E7C8-448A-83B6-FB9E1F1FD0A5}.Mi-Token AP Release|Win32.Build.0 = Mi-Token AP Release|Win32
		{1BA67A3B-E7C8-448A-83B6-FB9E1F1FD0A5}.Mi-Token AP Release|x64.ActiveCfg = Mi-Token AP Release|x64
		{1BA67A3B-E7C8-448A-83B6-FB9E1F1FD0A5}.Mi-Token AP Release|x64.Build.0 = Mi-Token AP Release|x64
		{1BA67A3B-E7C8-448A-83B6-FB9E1F1FD0A5}.Mi-Token AP Release|x86.ActiveCfg = Mi-Token AP Release|Win32
		{1BA67A3B-E7C8-448A-83B6-FB9E1F1FD0A5}.Mi-Token AP Release|x86.Build.0 = Mi-Token AP Release|Win32
		{1BA67A3B-E7C8-448A-83B6-FB9E1F1FD0A5}.Release|Any CPU.ActiveCfg = Release|x64
		{1BA67A3B-E7C8-448A-83B6-FB9E1F1FD0A5}.Release|Mixed Platforms.ActiveCfg = Release|x64
		{1BA67A3B-E7C8-448A-83B6-FB9E1F1FD0A5}.Release|Mixed Platforms.Build.0 = Release|x64
		{1BA67A3B-E7C8-448A-83B6-FB9E1F1FD0A5}.Release|Win32.ActiveCfg = Release|Win32
		{1BA67A3B-E7C8-448A-83B6-FB9E1F1FD0A5}.Release|Win32.Build.0 = Release|Win32
		{1BA67A3B-E7C8-448A-83B6-FB9E1F1FD0A5}.Release|x64.ActiveCfg = Release|x64
		{1BA67A3B-E7C8-448A-83B6-FB9E1F1FD0A5}.Release|x64.Build.0 = Release|x64
		{1BA67A3B-E7C8-448A-83B6-FB9E1F1FD0A5}.Release|x86.ActiveCfg = Release|Win32
		{1BA67A3B-E7C8-448A-83B6-FB9E1F1FD0A5}.Release|x86.Build.0 = Release|Win32
		{1BA67A3B-E7C8-448A-83B6-FB9E1F1FD0A5}.UnitTest|Any CPU.ActiveCfg = Release|Win32
		{1BA67A3B-E7C8-448A-83B6-FB9E1F1FD0A5}.UnitTest|Mixed Platforms.ActiveCfg = Release|Win32
		{1BA67A3B-E7C8-448A-83B6-FB9E1F1FD0A5}.UnitTest|Mixed Platforms.Build.0 = Release|Win32
		{1BA67A3B-E7C8-448A-83B6-FB9E1F1FD0A5}.UnitTest|Win32.ActiveCfg = Release|Win32
		{1BA67A3B-E7C8-448A-83B6-FB9E1F1FD0A5}.UnitTest|Win32.Build.0 = Release|Win32
		{1BA67A3B-E7C8-448A-83B6-FB9E1F1FD0A5}.UnitTest|x64.ActiveCfg = Release|x64
		{1BA67A3B-E7C8-448A-83B6-FB9E1F1FD0A5}.UnitTest|x64.Build.0 = Release|x64
		{1BA67A3B-E7C8-448A-83B6-FB9E1F1FD0A5}.UnitTest|x86.ActiveCfg = Release|Win32
		{1BA67A3B-E7C8-448A-83B6-FB9E1F1FD0A5}.UnitTest|x86.Build.0 = Release|Win32
		{47E87E7B-273A-4832-9845-633BED9ABA65}.Debug|Any CPU.ActiveCfg = Debug|x64
		{47E87E7B-273A-4832-9845-633BED9ABA65}.Debug|Mixed Platforms.ActiveCfg = Debug|x64
		{47E87E7B-273A-4832-9845-633BED9ABA65}.Debug|Mixed Platforms.Build.0 = Debug|x64
		{47E87E7B-273A-4832-9845-633BED9ABA65}.Debug|Win32.ActiveCfg = Debug|Win32
		{47E87E7B-273A-4832-9845-633BED9ABA65}.Debug|Win32.Build.0 = Debug|Win32
		{47E87E7B-273A-4832-9845-633BED9ABA65}.Debug|x64.ActiveCfg = Debug|x64
		{47E87E7B-273A-4832-9845-633BED9ABA65}.Debug|x64.Build.0 = Debug|x64
		{47E87E7B-273A-4832-9845-633BED9ABA65}.Debug|x86.ActiveCfg = Debug|x64
		{47E87E7B-273A-4832-9845-633BED9ABA65}.DebugWithEx|Any CPU.ActiveCfg = Debug|x64
		{47E87E7B-273A-4832-9845-633BED9ABA65}.DebugWithEx|Mixed Platforms.ActiveCfg = Debug|x64
		{47E87E7B-273A-4832-9845-633BED9ABA65}.DebugWithEx|Mixed Platforms.Build.0 = Debug|x64
		{47E87E7B-273A-4832-9845-633BED9ABA65}.DebugWithEx|Win32.ActiveCfg = Debug|x64
		{47E87E7B-273A-4832-9845-633BED9ABA65}.DebugWithEx|x64.ActiveCfg = Debug|x64
		{47E87E7B-273A-4832-9845-633BED9ABA65}.DebugWithEx|x64.Build.0 = Debug|x64
		{47E87E7B-273A-4832-9845-633BED9ABA65}.DebugWithEx|x86.ActiveCfg = Debug|x64
		{47E87E7B-273A-4832-9845-633BED9ABA65}.Mi-Token AP Release|Any CPU.ActiveCfg = Release|x64
		{47E87E7B-273A-4832-9845-633BED9ABA65}.Mi-Token AP Release|Mixed Platforms.ActiveCfg = Release|x64
		{47E87E7B-273A-4832-9845-633BED9ABA65}.Mi-Token AP Release|Mixed Platforms.Build.0 = Release|x64
		{47E87E7B-273A-4832-9845-633BED9ABA65}.Mi-Token AP Release|Win32.ActiveCfg = Release|Win32
		{47E87E7B-273A-4832-9845-633BED9ABA65}.Mi-Token AP Release|Win32.Build.0 = Release|Win32
		{47E87E7B-273A-4832-9845-633BED9ABA65}.Mi-Token AP Release|x64.ActiveCfg = Release|x64
		{47E87E7B-273A-4832-9845-633BED9ABA65}.Mi-Token AP Release|x64.Build.0 = Release|x64
		{47E87E7B-273A-4832-9845-633BED9ABA65}.Mi-Token AP Release|x86.ActiveCfg = Release|x64
		{47E87E7B-273A-4832-9845-633BED9ABA65}.Release|Any CPU.ActiveCfg = Release|x64
		{47E87E7B-273A-4832-9845-633BED9ABA65}.Release|Mixed Platforms.ActiveCfg = Release|x64
		{47E87E7B-273A-4832-9845-633BED9ABA65}.Release|Mixed Platforms.Build.0 = Release|x64
		{47E87E7B-273A-4832-9845-633BED9ABA65}.Release|Win32.ActiveCfg = Release|Win32
		{47E87E7B-273A-4832-9845-633BED9ABA65}.Release|Win32.Build.0 = Release|Win32
		{47E87E7B-273A-4832-9845-633BED9ABA65}.Release|x64.ActiveCfg = Release|x64
		{47E87E7B-273A-4832-9845-633BED9ABA65}.Release|x64.Build.0 = Release|x64
		{47E87E7B-273A-4832-9845-633BED9ABA65}.Release|x86.ActiveCfg = Release|Win32
		{47E87E7B-273A-4832-9845-633BED9ABA65}.Release|x86.Build.0 = Release|Win32
		{47E87E7B-273A-4832-9845-633BED9ABA65}.UnitTest|Any CPU.ActiveCfg = Release|Win32
		{47E87E7B-273A-4832-9845-633BED9ABA65}.UnitTest|Mixed Platforms.ActiveCfg = Release|Win32
		{47E87E7B-273A-4832-9845-633BED9ABA65}.UnitTest|Mixed Platforms.Build.0 = Release|Win32
		{47E87E7B-273A-4832-9845-633BED9ABA65}.UnitTest|Win32.ActiveCfg = Release|Win32
		{47E87E7B-273A-4832-9845-633BED9ABA65}.UnitTest|Win32.Build.0 = Release|Win32
		{47E87E7B-273A-4832-9845-633BED9ABA65}.UnitTest|x64.ActiveCfg = Release|x64
		{47E87E7B-273A-4832-9845-633BED9ABA65}.UnitTest|x64.Build.0 = Release|x64
		{47E87E7B-273A-4832-9845-633BED9ABA65}.UnitTest|x86.ActiveCfg = Release|Win32
		{47E87E7B-273A-4832-9845-633BED9ABA65}.UnitTest|x86.Build.0 = Release|Win32
		{9F412662-E433-4F5B-9DC6-97844A0E73A0}.Debug|Any CPU.ActiveCfg = Debug|x64
		{9F412662-E433-4F5B-9DC6-97844A0E73A0}.Debug|Mixed Platforms.ActiveCfg = Debug|x64
		{9F412662-E433-4F5B-9DC6-97844A0E73A0}.Debug|Mixed Platforms.Build.0 = Debug|x64
		{9F412662-E433-4F5B-9DC6-97844A0E73A0}.Debug|Win32.ActiveCfg = Debug|Win32
		{9F412662-E433-4F5B-9DC6-97844A0E73A0}.Debug|Win32.Build.0 = Debug|Win32
		{9F412662-E433-4F5B-9DC6-97844A0E73A0}.Debug|x64.ActiveCfg = Debug|x64
		{9F412662-E433-4F5B-9DC6-97844A0E73A0}.Debug|x64.Build.0 = Debug|x64
		{9F412662-E433-4F5B-9DC6-97844A0E73A0}.Debug|x86.ActiveCfg = Debug|x64
		{9F412662-E433-4F5B-9DC6-97844A0E73A0}.DebugWithEx|Any CPU.ActiveCfg = Debug|x64
		{9F412662-E433-4F5B-9DC6-97844A0E73A0}.DebugWithEx|Mixed Platforms.ActiveCfg = Debug|x64
		{9F412662-E433-4F5B-9DC6-97844A0E73A0}.DebugWithEx|Mixed Platforms.Build.0 = Debug|x64
		{9F412662-E433-4F5B-9DC6-97844A0E73A0}.DebugWithEx|Win32.ActiveCfg = Debug|x64
		{9F412662-E433-4F5B-9DC6-97844A0E73A0}.DebugWithEx|x64.ActiveCfg = Debug|x64
		{9F412662-E433-4F5B-9DC6-97844A0E73A0}.DebugWithEx|x64.Build.0 = Debug|x64
		{9F412662-E433-4F5B-9DC6-97844A0E73A0}.DebugWithEx|x86.ActiveCfg = Debug|x64
		{9F412662-E433-4F5B-9DC6-97844A0E73A0}.Mi-Token AP Release|Any CPU.ActiveCfg = Release|x64
		{9F412662-E433-4F5B-9DC6-97844A0E73A0}.Mi-Token AP Release|Mixed Platforms.ActiveCfg = Release|x64
		{9F412662-E433-4F5B-9DC6-97844A0E73A0}.Mi-Token AP Release|Mixed Platforms.Build.0 = Release|x64
		{9F412662-E433-4F5B-9DC6-97844A0E73A0}.Mi-Token AP Release|Win32.ActiveCfg = Release|Win32
		{9F412662-E433-4F5B-9DC6-97844A0E73A0}.Mi-Token AP Release|Win32.Build.0 = Release|Win32
		{9F412662-E433-4F5B-9DC6-97844A0E73A0}.Mi-Token AP Release|x64.ActiveCfg = Release|x64
		{9F412662-E433-4F5B-9DC6-97844A0E73A0}.Mi-Token AP Release|x64.Build.0 = Release|x64
		{9F412662-E433-4F5B-9DC6-97844A0E73A0}.Mi-Token AP Release|x86.ActiveCfg = Release|x64
		{9F412662-E433-4F5B-9DC6-97844A0E73A0}.Release|Any CPU.ActiveCfg = Release|x64
		{9F412662-E433-4F5B-9DC6-97844A0E73A0}.Release|Mixed Platforms.ActiveCfg = Release|x64
		{9F412662-E433-4F5B-9DC6-97844A0E73A0}.Release|Mixed Platforms.Build.0 = Release|x64
		{9F412662-E433-4F5B-9DC6-97844A0E73A0}.Release|Win32.ActiveCfg = Release|Win32
		{9F412662-E433-4F5B-9DC6-97844A0E73A0}.Release|Win32.Build.0 = Release|Win32
		{9F412662-E433-4F5B-9DC6-97844A0E73A0}.Release|x64.ActiveCfg = Release|x64
		{9F412662-E433-4F5B-9DC6-97844A0E73A0}.Release|x64.Build.0 = Release|x64
		{9F412662-E433-4F5B-9DC6-97844A0E73A0}.Release|x86.ActiveCfg = Release|Win32
		{9F412662-E433-4F5B-9DC6-97844A0E73A0}.Release|x86.Build.0 = Release|Win32
		{9F412662-E433-4F5B-9DC6-97844A0E73A0}.UnitTest|Any CPU.ActiveCfg = Release|Win32
		{9F412662-E433-4F5B-9DC6-97844A0E73A0}.UnitTest|Mixed Platforms.ActiveCfg = Release|Win32
		{9F412662-E433-4F5B-9DC6-97844A0E73A0}.UnitTest|Mixed Platforms.Build.0 = Release|Win32
		{9F412662-E433-4F5B-9DC6-97844A0E73A0}.UnitTest|Win32.ActiveCfg = Release|Win32
		{9F412662-E433-4F5B-9DC6-97844A0E73A0}.UnitTest|Win32.Build.0 = Release|Win32
		{9F412662-E433-4F5B-9DC6-97844A0E73A0}.UnitTest|x64.ActiveCfg = Release|x64
		{9F412662-E433-4F5B-9DC6-97844A0E73A0}.UnitTest|x64.Build.0 = Release|x64
		{9F412662-E433-4F5B-9DC6-97844A0E73A0}.UnitTest|x86.ActiveCfg = Release|Win32
		{9F412662-E433-4F5B-9DC6-97844A0E73A0}.UnitTest|x86.Build.0 = Release|Win32
		{3A09D10D-3F74-46DC-8822-BA55D140B54C}.Debug|Any CPU.ActiveCfg = Debug|x86
		{3A09D10D-3F74-46DC-8822-BA55D140B54C}.Debug|Mixed Platforms.ActiveCfg = Debug|x86
		{3A09D10D-3F74-46DC-8822-BA55D140B54C}.Debug|Mixed Platforms.Build.0 = Debug|x86
		{3A09D10D-3F74-46DC-8822-BA55D140B54C}.Debug|Win32.ActiveCfg = Debug|x86
		{3A09D10D-3F74-46DC-8822-BA55D140B54C}.Debug|x64.ActiveCfg = Debug|x86
		{3A09D10D-3F74-46DC-8822-BA55D140B54C}.Debug|x86.ActiveCfg = Debug|x86
		{3A09D10D-3F74-46DC-8822-BA55D140B54C}.Debug|x86.Build.0 = Debug|x86
		{3A09D10D-3F74-46DC-8822-BA55D140B54C}.DebugWithEx|Any CPU.ActiveCfg = Debug|x64
		{3A09D10D-3F74-46DC-8822-BA55D140B54C}.DebugWithEx|Mixed Platforms.ActiveCfg = Debug|x64
		{3A09D10D-3F74-46DC-8822-BA55D140B54C}.DebugWithEx|Mixed Platforms.Build.0 = Debug|x64
		{3A09D10D-3F74-46DC-8822-BA55D140B54C}.DebugWithEx|Win32.ActiveCfg = Debug|x64
		{3A09D10D-3F74-46DC-8822-BA55D140B54C}.DebugWithEx|x64.ActiveCfg = Debug|x64
		{3A09D10D-3F74-46DC-8822-BA55D140B54C}.DebugWithEx|x64.Build.0 = Debug|x64
		{3A09D10D-3F74-46DC-8822-BA55D140B54C}.DebugWithEx|x86.ActiveCfg = Debug|x64
		{3A09D10D-3F74-46DC-8822-BA55D140B54C}.Mi-Token AP Release|Any CPU.ActiveCfg = Release|x86
		{3A09D10D-3F74-46DC-8822-BA55D140B54C}.Mi-Token AP Release|Mixed Platforms.ActiveCfg = Release|x86
		{3A09D10D-3F74-46DC-8822-BA55D140B54C}.Mi-Token AP Release|Mixed Platforms.Build.0 = Release|x86
		{3A09D10D-3F74-46DC-8822-BA55D140B54C}.Mi-Token AP Release|Win32.ActiveCfg = Release|x86
		{3A09D10D-3F74-46DC-8822-BA55D140B54C}.Mi-Token AP Release|x64.ActiveCfg = Release|x86
		{3A09D10D-3F74-46DC-8822-BA55D140B54C}.Mi-Token AP Release|x86.ActiveCfg = Release|x86
		{3A09D10D-3F74-46DC-8822-BA55D140B54C}.Mi-Token AP Release|x86.Build.0 = Release|x86
		{3A09D10D-3F74-46DC-8822-BA55D140B54C}.Release|Any CPU.ActiveCfg = Release|x86
		{3A09D10D-3F74-46DC-8822-BA55D140B54C}.Release|Mixed Platforms.ActiveCfg = Release|x86
		{3A09D10D-3F74-46DC-8822-BA55D140B54C}.Release|Mixed Platforms.Build.0 = Release|x86
		{3A09D10D-3F74-46DC-8822-BA55D140B54C}.Release|Win32.ActiveCfg = Release|x86
		{3A09D10D-3F74-46DC-8822-BA55D140B54C}.Release|Win32.Build.0 = Release|x86
		{3A09D10D-3F74-46DC-8822-BA55D140B54C}.Release|x64.ActiveCfg = Release|x64
		{3A09D10D-3F74-46DC-8822-BA55D140B54C}.Release|x64.Build.0 = Release|x64
		{3A09D10D-3F74-46DC-8822-BA55D140B54C}.Release|x86.ActiveCfg = Release|x86
		{3A09D10D-3F74-46DC-8822-BA55D140B54C}.Release|x86.Build.0 = Release|x86
		{3A09D10D-3F74-46DC-8822-BA55D140B54C}.UnitTest|Any CPU.ActiveCfg = Release|x86
		{3A09D10D-3F74-46DC-8822-BA55D140B54C}.UnitTest|Mixed Platforms.ActiveCfg = Release|x86
		{3A09D10D-3F74-46DC-8822-BA55D140B54C}.UnitTest|Mixed Platforms.Build.0 = Release|x86
		{3A09D10D-3F74-46DC-8822-BA55D140B54C}.UnitTest|Win32.ActiveCfg = Release|x86
		{3A09D10D-3F74-46DC-8822-BA55D140B54C}.UnitTest|Win32.Build.0 = Release|x86
		{3A09D10D-3F74-46DC-8822-BA55D140B54C}.UnitTest|x64.ActiveCfg = Release|x64
		{3A09D10D-3F74-46DC-8822-BA55D140B54C}.UnitTest|x64.Build.0 = Release|x64
		{3A09D10D-3F74-46DC-8822-BA55D140B54C}.UnitTest|x86.ActiveCfg = Release|x86
		{3A09D10D-3F74-46DC-8822-BA55D140B54C}.UnitTest|x86.Build.0 = Release|x86
		{5F522EFA-05D5-4164-B8C1-31529F1A7704}.Debug|Any CPU.ActiveCfg = Debug|Win32
		{5F522EFA-05D5-4164-B8C1-31529F1A7704}.Debug|Mixed Platforms.ActiveCfg = Debug|Win32
		{5F522EFA-05D5-4164-B8C1-31529F1A7704}.Debug|Mixed Platforms.Build.0 = Debug|Win32
		{5F522EFA-05D5-4164-B8C1-31529F1A7704}.Debug|Win32.ActiveCfg = Debug|Win32
		{5F522EFA-05D5-4164-B8C1-31529F1A7704}.Debug|Win32.Build.0 = Debug|Win32
		{5F522EFA-05D5-4164-B8C1-31529F1A7704}.Debug|x64.ActiveCfg = Debug|Win32
		{5F522EFA-05D5-4164-B8C1-31529F1A7704}.Debug|x86.ActiveCfg = Debug|Win32
		{5F522EFA-05D5-4164-B8C1-31529F1A7704}.DebugWithEx|Any CPU.ActiveCfg = DebugWithEx|Win32
		{5F522EFA-05D5-4164-B8C1-31529F1A7704}.DebugWithEx|Mixed Platforms.ActiveCfg = DebugWithEx|Win32
		{5F522EFA-05D5-4164-B8C1-31529F1A7704}.DebugWithEx|Mixed Platforms.Build.0 = DebugWithEx|Win32
		{5F522EFA-05D5-4164-B8C1-31529F1A7704}.DebugWithEx|Win32.ActiveCfg = DebugWithEx|Win32
		{5F522EFA-05D5-4164-B8C1-31529F1A7704}.DebugWithEx|Win32.Build.0 = DebugWithEx|Win32
		{5F522EFA-05D5-4164-B8C1-31529F1A7704}.DebugWithEx|x64.ActiveCfg = DebugWithEx|Win32
		{5F522EFA-05D5-4164-B8C1-31529F1A7704}.DebugWithEx|x86.ActiveCfg = DebugWithEx|Win32
		{5F522EFA-05D5-4164-B8C1-31529F1A7704}.Mi-Token AP Release|Any CPU.ActiveCfg = Release|Win32
		{5F522EFA-05D5-4164-B8C1-31529F1A7704}.Mi-Token AP Release|Mixed Platforms.ActiveCfg = Release|Win32
		{5F522EFA-05D5-4164-B8C1-31529F1A7704}.Mi-Token AP Release|Mixed Platforms.Build.0 = Release|Win32
		{5F522EFA-05D5-4164-B8C1-31529F1A7704}.Mi-Token AP Release|Win32.ActiveCfg = Release|Win32
		{5F522EFA-05D5-4164-B8C1-31529F1A7704}.Mi-Token AP Release|Win32.Build.0 = Release|Win32
		{5F522EFA-05D5-4164-B8C1-31529F1A7704}.Mi-Token AP Release|x64.ActiveCfg = Release|Win32
		{5F522EFA-05D5-4164-B8C1-31529F1A7704}.Mi-Token AP Release|x86.ActiveCfg = Release|Win32
		{5F522EFA-05D5-4164-B8C1-31529F1A7704}.Release|Any CPU.ActiveCfg = Release|Win32
		{5F522EFA-05D5-4164-B8C1-31529F1A7704}.Release|Mixed Platforms.ActiveCfg = Release|Win32
		{5F522EFA-05D5-4164-B8C1-31529F1A7704}.Release|Mixed Platforms.Build.0 = Release|Win32
		{5F522EFA-05D5-4164-B8C1-31529F1A7704}.Release|Win32.ActiveCfg = Release|Win32
		{5F522EFA-05D5-4164-B8C1-31529F1A7704}.Release|Win32.Build.0 = Release|Win32
		{5F522EFA-05D5-4164-B8C1-31529F1A7704}.Release|x64.ActiveCfg = Release|x64
		{5F522EFA-05D5-4164-B8C1-31529F1A7704}.Release|x64.Build.0 = Release|x64
		{5F522EFA-05D5-4164-B8C1-31529F1A7704}.Release|x86.ActiveCfg = Release|Win32
		{5F522EFA-05D5-4164-B8C1-31529F1A7704}.Release|x86.Build.0 = Release|Win32
		{5F522EFA-05D5-4164-B8C1-31529F1A7704}.UnitTest|Any CPU.ActiveCfg = UnitTest|Win32
		{5F522EFA-05D5-4164-B8C1-31529F1A7704}.UnitTest|Mixed Platforms.ActiveCfg = UnitTest|Win32
		{5F522EFA-05D5-4164-B8C1-31529F1A7704}.UnitTest|Mixed Platforms.Build.0 = UnitTest|Win32
		{5F522EFA-05D5-4164-B8C1-31529F1A7704}.UnitTest|Win32.ActiveCfg = UnitTest|Win32
		{5F522EFA-05D5-4164-B8C1-31529F1A7704}.UnitTest|Win32.Build.0 = UnitTest|Win32
		{5F522EFA-05D5-4164-B8C1-31529F1A7704}.UnitTest|x64.ActiveCfg = UnitTest|x64
		{5F522EFA-05D5-4164-B8C1-31529F1A7704}.UnitTest|x64.Build.0 = UnitTest|x64
		{5F522EFA-05D5-4164-B8C1-31529F1A7704}.UnitTest|x86.ActiveCfg = UnitTest|Win32
		{5F522EFA-05D5-4164-B8C1-31529F1A7704}.UnitTest|x86.Build.0 = UnitTest|Win32
		{20F96D6B-23CF-4AA3-AA52-0CFF973C660A}.Debug|Any CPU.ActiveCfg = Debug|Win32
		{20F96D6B-23CF-4AA3-AA52-0CFF973C660A}.Debug|Mixed Platforms.ActiveCfg = Debug|Win32
		{20F96D6B-23CF-4AA3-AA52-0CFF973C660A}.Debug|Mixed Platforms.Build.0 = Debug|Win32
		{20F96D6B-23CF-4AA3-AA52-0CFF973C660A}.Debug|Win32.ActiveCfg = Debug|Win32
		{20F96D6B-23CF-4AA3-AA52-0CFF973C660A}.Debug|Win32.Build.0 = Debug|Win32
		{20F96D6B-23CF-4AA3-AA52-0CFF973C660A}.Debug|x64.ActiveCfg = Debug|Win32
		{20F96D6B-23CF-4AA3-AA52-0CFF973C660A}.Debug|x86.ActiveCfg = Debug|Win32
		{20F96D6B-23CF-4AA3-AA52-0CFF973C660A}.DebugWithEx|Any CPU.ActiveCfg = DebugWithEx|Win32
		{20F96D6B-23CF-4AA3-AA52-0CFF973C660A}.DebugWithEx|Mixed Platforms.ActiveCfg = DebugWithEx|Win32
		{20F96D6B-23CF-4AA3-AA52-0CFF973C660A}.DebugWithEx|Mixed Platforms.Build.0 = DebugWithEx|Win32
		{20F96D6B-23CF-4AA3-AA52-0CFF973C660A}.DebugWithEx|Win32.ActiveCfg = DebugWithEx|Win32
		{20F96D6B-23CF-4AA3-AA52-0CFF973C660A}.DebugWithEx|Win32.Build.0 = DebugWithEx|Win32
		{20F96D6B-23CF-4AA3-AA52-0CFF973C660A}.DebugWithEx|x64.ActiveCfg = DebugWithEx|Win32
		{20F96D6B-23CF-4AA3-AA52-0CFF973C660A}.DebugWithEx|x86.ActiveCfg = DebugWithEx|Win32
		{20F96D6B-23CF-4AA3-AA52-0CFF973C660A}.Mi-Token AP Release|Any CPU.ActiveCfg = Release|Win32
		{20F96D6B-23CF-4AA3-AA52-0CFF973C660A}.Mi-Token AP Release|Mixed Platforms.ActiveCfg = Release|Win32
		{20F96D6B-23CF-4AA3-AA52-0CFF973C660A}.Mi-Token AP Release|Mixed Platforms.Build.0 = Release|Win32
		{20F96D6B-23CF-4AA3-AA52-0CFF973C660A}.Mi-Token AP Release|Win32.ActiveCfg = Release|Win32
		{20F96D6B-23CF-4AA3-AA52-0CFF973C660A}.Mi-Token AP Release|Win32.Build.0 = Release|Win32
		{20F96D6B-23CF-4AA3-AA52-0CFF973C660A}.Mi-Token AP Release|x64.ActiveCfg = Release|Win32
		{20F96D6B-23CF-4AA3-AA52-0CFF973C660A}.Mi-Token AP Release|x86.ActiveCfg = Release|Win32
		{20F96D6B-23CF-4AA3-AA52-0CFF973C660A}.Release|Any CPU.ActiveCfg = Release|Win32
		{20F96D6B-23CF-4AA3-AA52-0CFF973C660A}.Release|Mixed Platforms.ActiveCfg = Release|Win32
		{20F96D6B-23CF-4AA3-AA52-0CFF973C660A}.Release|Mixed Platforms.Build.0 = Release|Win32
		{20F96D6B-23CF-4AA3-AA52-0CFF973C660A}.Release|Win32.ActiveCfg = Release|Win32
		{20F96D6B-23CF-4AA3-AA52-0CFF973C660A}.Release|Win32.Build.0 = Release|Win32
		{20F96D6B-23CF-4AA3-AA52-0CFF973C660A}.Release|x64.ActiveCfg = Release|x64
		{20F96D6B-23CF-4AA3-AA52-0CFF973C660A}.Release|x64.Build.0 = Release|x64
		{20F96D6B-23CF-4AA3-AA52-0CFF973C660A}.Release|x86.ActiveCfg = Release|Win32
		{20F96D6B-23CF-4AA3-AA52-0CFF973C660A}.Release|x86.Build.0 = Release|Win32
		{20F96D6B-23CF-4AA3-AA52-0CFF973C660A}.UnitTest|Any CPU.ActiveCfg = UnitTest|Win32
		{20F96D6B-23CF-4AA3-AA52-0CFF973C660A}.UnitTest|Mixed Platforms.ActiveCfg = UnitTest|Win32
		{20F96D6B-23CF-4AA3-AA52-0CFF973C660A}.UnitTest|Mixed Platforms.Build.0 = UnitTest|Win32
		{20F96D6B-23CF-4AA3-AA52-0CFF973C660A}.UnitTest|Win32.ActiveCfg = UnitTest|Win32
		{20F96D6B-23CF-4AA3-AA52-0CFF973C660A}.UnitTest|Win32.Build.0 = UnitTest|Win32
		{20F96D6B-23CF-4AA3-AA52-0CFF973C660A}.UnitTest|x64.ActiveCfg = UnitTest|x64
		{20F96D6B-23CF-4AA3-AA52-0CFF973C660A}.UnitTest|x64.Build.0 = UnitTest|x64
		{20F96D6B-23CF-4AA3-AA52-0CFF973C660A}.UnitTest|x86.ActiveCfg = UnitTest|Win32
		{20F96D6B-23CF-4AA3-AA52-0CFF973C660A}.UnitTest|x86.Build.0 = UnitTest|Win32
		{7348AEE0-1F4A-4436-B782-6ABB694911AE}.Debug|Any CPU.ActiveCfg = Debug|x64
		{7348AEE0-1F4A-4436-B782-6ABB694911AE}.Debug|Mixed Platforms.ActiveCfg = Debug|x64
		{7348AEE0-1F4A-4436-B782-6ABB694911AE}.Debug|Mixed Platforms.Build.0 = Debug|x64
		{7348AEE0-1F4A-4436-B782-6ABB694911AE}.Debug|Win32.ActiveCfg = Debug|Win32
		{7348AEE0-1F4A-4436-B782-6ABB694911AE}.Debug|Win32.Build.0 = Debug|Win32
		{7348AEE0-1F4A-4436-B782-6ABB694911AE}.Debug|x64.ActiveCfg = Debug|x64
		{7348AEE0-1F4A-4436-B782-6ABB694911AE}.Debug|x64.Build.0 = Debug|x64
		{7348AEE0-1F4A-4436-B782-6ABB694911AE}.Debug|x86.ActiveCfg = Debug|x64
		{7348AEE0-1F4A-4436-B782-6ABB694911AE}.DebugWithEx|Any CPU.ActiveCfg = Debug|x64
		{7348AEE0-1F4A-4436-B782-6ABB694911AE}.DebugWithEx|Mixed Platforms.ActiveCfg = Debug|x64
		{7348AEE0-1F4A-4436-B782-6ABB694911AE}.DebugWithEx|Mixed Platforms.Build.0 = Debug|x64
		{7348AEE0-1F4A-4436-B782-6ABB694911AE}.DebugWithEx|Win32.ActiveCfg = Debug|x64
		{7348AEE0-1F4A-4436-B782-6ABB694911AE}.DebugWithEx|x64.ActiveCfg = Debug|x64
		{7348AEE0-1F4A-4436-B782-6ABB694911AE}.DebugWithEx|x64.Build.0 = Debug|x64
		{7348AEE0-1F4A-4436-B782-6ABB694911AE}.DebugWithEx|x86.ActiveCfg = Debug|x64
		{7348AEE0-1F4A-4436-B782-6ABB694911AE}.Mi-Token AP Release|Any CPU.ActiveCfg = Release|x64
		{7348AEE0-1F4A-4436-B782-6ABB694911AE}.Mi-Token AP Release|Mixed Platforms.ActiveCfg = Release|x64
		{7348AEE0-1F4A-4436-B782-6ABB694911AE}.Mi-Token AP Release|Mixed Platforms.Build.0 = Release|x64
		{7348AEE0-1F4A-4436-B782-6ABB694911AE}.Mi-Token AP Release|Win32.ActiveCfg = Release|Win32
		{7348AEE0-1F4A-4436-B782-6ABB694911AE}.Mi-Token AP Release|Win32.Build.0 = Release|Win32
		{7348AEE0-1F4A-4436-B782-6ABB694911AE}.Mi-Token AP Release|x64.ActiveCfg = Release|x64
		{7348AEE0-1F4A-4436-B782-6ABB694911AE}.Mi-Token AP Release|x64.Build.0 = Release|x64
		{7348AEE0-1F4A-4436-B782-6ABB694911AE}.Mi-Token AP Release|x86.ActiveCfg = Release|x64
		{7348AEE0-1F4A-4436-B782-6ABB694911AE}.Release|Any CPU.ActiveCfg = Release|x64
		{7348AEE0-1F4A-4436-B782-6ABB694911AE}.Release|Mixed Platforms.ActiveCfg = Release|x64
		{7348AEE0-1F4A-4436-B782-6ABB694911AE}.Release|Mixed Platforms.Build.0 = Release|x64
		{7348AEE0-1F4A-4436-B782-6ABB694911AE}.Release|Win32.ActiveCfg = Release|Win32
		{7348AEE0-1F4A-4436-B782-6ABB694911AE}.Release|Win32.Build.0 = Release|Win32
		{7348AEE0-1F4A-4436-B782-6ABB694911AE}.Release|x64.ActiveCfg = Release|x64
		{7348AEE0-1F4A-4436-B782-6ABB694911AE}.Release|x64.Build.0 = Release|x64
		{7348AEE0-1F4A-4436-B782-6ABB694911AE}.Release|x86.ActiveCfg = Release|Win32
		{7348AEE0-1F4A-4436-B782-6ABB694911AE}.Release|x86.Build.0 = Release|Win32
		{7348AEE0-1F4A-4436-B782-6ABB694911AE}.UnitTest|Any CPU.ActiveCfg = Release|Win32
		{7348AEE0-1F4A-4436-B782-6ABB694911AE}.UnitTest|Mixed Platforms.ActiveCfg = Release|Win32
		{7348AEE0-1F4A-4436-B782-6ABB694911AE}.UnitTest|Mixed Platforms.Build.0 = Release|Win32
		{7348AEE0-1F4A-4436-B782-6ABB694911AE}.UnitTest|Win32.ActiveCfg = Release|Win32
		{7348AEE0-1F4A-4436-B782-6ABB694911AE}.UnitTest|Win32.Build.0 = Release|Win32
		{7348AEE0-1F4A-4436-B782-6ABB694911AE}.UnitTest|x64.ActiveCfg = Release|x64
		{7348AEE0-1F4A-4436-B782-6ABB694911AE}.UnitTest|x64.Build.0 = Release|x64
		{7348AEE0-1F4A-4436-B782-6ABB694911AE}.UnitTest|x86.ActiveCfg = Release|Win32
		{7348AEE0-1F4A-4436-B782-6ABB694911AE}.UnitTest|x86.Build.0 = Release|Win32
		{BBCC583A-6DEC-4A0F-89C6-1D9F4D795883}.Debug|Any CPU.ActiveCfg = Debug|x64
		{BBCC583A-6DEC-4A0F-89C6-1D9F4D795883}.Debug|Mixed Platforms.ActiveCfg = Debug|x64
		{BBCC583A-6DEC-4A0F-89C6-1D9F4D795883}.Debug|Mixed Platforms.Build.0 = Debug|x64
		{BBCC583A-6DEC-4A0F-89C6-1D9F4D795883}.Debug|Win32.ActiveCfg = Debug|x64
		{BBCC583A-6DEC-4A0F-89C6-1D9F4D795883}.Debug|x64.ActiveCfg = Debug|x64
		{BBCC583A-6DEC-4A0F-89C6-1D9F4D795883}.Debug|x64.Build.0 = Debug|x64
		{BBCC583A-6DEC-4A0F-89C6-1D9F4D795883}.Debug|x86.ActiveCfg = Debug|x86
		{BBCC583A-6DEC-4A0F-89C6-1D9F4D795883}.Debug|x86.Build.0 = Debug|x86
		{BBCC583A-6DEC-4A0F-89C6-1D9F4D795883}.DebugWithEx|Any CPU.ActiveCfg = Debug|x64
		{BBCC583A-6DEC-4A0F-89C6-1D9F4D795883}.DebugWithEx|Mixed Platforms.ActiveCfg = Debug|x64
		{BBCC583A-6DEC-4A0F-89C6-1D9F4D795883}.DebugWithEx|Mixed Platforms.Build.0 = Debug|x64
		{BBCC583A-6DEC-4A0F-89C6-1D9F4D795883}.DebugWithEx|Win32.ActiveCfg = Debug|x64
		{BBCC583A-6DEC-4A0F-89C6-1D9F4D795883}.DebugWithEx|x64.ActiveCfg = Debug|x64
		{BBCC583A-6DEC-4A0F-89C6-1D9F4D795883}.DebugWithEx|x64.Build.0 = Debug|x64
		{BBCC583A-6DEC-4A0F-89C6-1D9F4D795883}.DebugWithEx|x86.ActiveCfg = Debug|x64
		{BBCC583A-6DEC-4A0F-89C6-1D9F4D795883}.Mi-Token AP Release|Any CPU.ActiveCfg = Release|x64
		{BBCC583A-6DEC-4A0F-89C6-1D9F4D795883}.Mi-Token AP Release|Mixed Platforms.ActiveCfg = Release|x64
		{BBCC583A-6DEC-4A0F-89C6-1D9F4D795883}.Mi-Token AP Release|Mixed Platforms.Build.0 = Release|x64
		{BBCC583A-6DEC-4A0F-89C6-1D9F4D795883}.Mi-Token AP Release|Win32.ActiveCfg = Release|x64
		{BBCC583A-6DEC-4A0F-89C6-1D9F4D795883}.Mi-Token AP Release|x64.ActiveCfg = Release|x64
		{BBCC583A-6DEC-4A0F-89C6-1D9F4D795883}.Mi-Token AP Release|x64.Build.0 = Release|x64
		{BBCC583A-6DEC-4A0F-89C6-1D9F4D795883}.Mi-Token AP Release|x86.ActiveCfg = Release|x86
		{BBCC583A-6DEC-4A0F-89C6-1D9F4D795883}.Mi-Token AP Release|x86.Build.0 = Release|x86
		{BBCC583A-6DEC-4A0F-89C6-1D9F4D795883}.Release|Any CPU.ActiveCfg = Release|x64
		{BBCC583A-6DEC-4A0F-89C6-1D9F4D795883}.Release|Mixed Platforms.ActiveCfg = Release|x64
		{BBCC583A-6DEC-4A0F-89C6-1D9F4D795883}.Release|Mixed Platforms.Build.0 = Release|x64
		{BBCC583A-6DEC-4A0F-89C6-1D9F4D795883}.Release|Win32.ActiveCfg = Release|x64
		{BBCC583A-6DEC-4A0F-89C6-1D9F4D795883}.Release|x64.ActiveCfg = Release|x64
		{BBCC583A-6DEC-4A0F-89C6-1D9F4D795883}.Release|x64.Build.0 = Release|x64
		{BBCC583A-6DEC-4A0F-89C6-1D9F4D795883}.Release|x86.ActiveCfg = Release|x86
		{BBCC583A-6DEC-4A0F-89C6-1D9F4D795883}.Release|x86.Build.0 = Release|x86
		{BBCC583A-6DEC-4A0F-89C6-1D9F4D795883}.UnitTest|Any CPU.ActiveCfg = Release|x86
		{BBCC583A-6DEC-4A0F-89C6-1D9F4D795883}.UnitTest|Mixed Platforms.ActiveCfg = Release|x86
		{BBCC583A-6DEC-4A0F-89C6-1D9F4D795883}.UnitTest|Mixed Platforms.Build.0 = Release|x86
		{BBCC583A-6DEC-4A0F-89C6-1D9F4D795883}.UnitTest|Win32.ActiveCfg = Release|x86
		{BBCC583A-6DEC-4A0F-89C6-1D9F4D795883}.UnitTest|Win32.Build.0 = Release|x86
		{BBCC583A-6DEC-4A0F-89C6-1D9F4D795883}.UnitTest|x64.ActiveCfg = Release|x64
		{BBCC583A-6DEC-4A0F-89C6-1D9F4D795883}.UnitTest|x64.Build.0 = Release|x64
		{BBCC583A-6DEC-4A0F-89C6-1D9F4D795883}.UnitTest|x86.ActiveCfg = Release|x86
		{BBCC583A-6DEC-4A0F-89C6-1D9F4D795883}.UnitTest|x86.Build.0 = Release|x86
		{4C2865DF-5CE4-4205-8CA1-0E446FC6B7C9}.Debug|Any CPU.ActiveCfg = Debug|Win32
		{4C2865DF-5CE4-4205-8CA1-0E446FC6B7C9}.Debug|Mixed Platforms.ActiveCfg = Debug|Win32
		{4C2865DF-5CE4-4205-8CA1-0E446FC6B7C9}.Debug|Mixed Platforms.Build.0 = Debug|Win32
		{4C2865DF-5CE4-4205-8CA1-0E446FC6B7C9}.Debug|Win32.ActiveCfg = Debug|Win32
		{4C2865DF-5CE4-4205-8CA1-0E446FC6B7C9}.Debug|Win32.Build.0 = Debug|Win32
		{4C2865DF-5CE4-4205-8CA1-0E446FC6B7C9}.Debug|x64.ActiveCfg = Debug|x64
		{4C2865DF-5CE4-4205-8CA1-0E446FC6B7C9}.Debug|x64.Build.0 = Debug|x64
		{4C2865DF-5CE4-4205-8CA1-0E446FC6B7C9}.Debug|x86.ActiveCfg = Debug|Win32
		{4C2865DF-5CE4-4205-8CA1-0E446FC6B7C9}.Debug|x86.Build.0 = Debug|Win32
		{4C2865DF-5CE4-4205-8CA1-0E446FC6B7C9}.DebugWithEx|Any CPU.ActiveCfg = Debug|Win32
		{4C2865DF-5CE4-4205-8CA1-0E446FC6B7C9}.DebugWithEx|Mixed Platforms.ActiveCfg = Debug|Win32
		{4C2865DF-5CE4-4205-8CA1-0E446FC6B7C9}.DebugWithEx|Mixed Platforms.Build.0 = Debug|Win32
		{4C2865DF-5CE4-4205-8CA1-0E446FC6B7C9}.DebugWithEx|Win32.ActiveCfg = Debug|Win32
		{4C2865DF-5CE4-4205-8CA1-0E446FC6B7C9}.DebugWithEx|Win32.Build.0 = Debug|Win32
		{4C2865DF-5CE4-4205-8CA1-0E446FC6B7C9}.DebugWithEx|x64.ActiveCfg = Debug|x64
		{4C2865DF-5CE4-4205-8CA1-0E446FC6B7C9}.DebugWithEx|x64.Build.0 = Debug|x64
		{4C2865DF-5CE4-4205-8CA1-0E446FC6B7C9}.DebugWithEx|x86.ActiveCfg = Debug|Win32
		{4C2865DF-5CE4-4205-8CA1-0E446FC6B7C9}.DebugWithEx|x86.Build.0 = Debug|Win32
		{4C2865DF-5CE4-4205-8CA1-0E446FC6B7C9}.Mi-Token AP Release|Any CPU.ActiveCfg = Mi-Token AP Release|Win32
		{4C2865DF-5CE4-4205-8CA1-0E446FC6B7C9}.Mi-Token AP Release|Mixed Platforms.ActiveCfg = Mi-Token AP Release|Win32
		{4C2865DF-5CE4-4205-8CA1-0E446FC6B7C9}.Mi-Token AP Release|Mixed Platforms.Build.0 = Mi-Token AP Release|Win32
		{4C2865DF-5CE4-4205-8CA1-0E446FC6B7C9}.Mi-Token AP Release|Win32.ActiveCfg = Mi-Token AP Release|Win32
		{4C2865DF-5CE4-4205-8CA1-0E446FC6B7C9}.Mi-Token AP Release|Win32.Build.0 = Mi-Token AP Release|Win32
		{4C2865DF-5CE4-4205-8CA1-0E446FC6B7C9}.Mi-Token AP Release|x64.ActiveCfg = Mi-Token AP Release|x64
		{4C2865DF-5CE4-4205-8CA1-0E446FC6B7C9}.Mi-Token AP Release|x64.Build.0 = Mi-Token AP Release|x64
		{4C2865DF-5CE4-4205-8CA1-0E446FC6B7C9}.Mi-Token AP Release|x86.ActiveCfg = Mi-Token AP Release|Win32
		{4C2865DF-5CE4-4205-8CA1-0E446FC6B7C9}.Mi-Token AP Release|x86.Build.0 = Mi-Token AP Release|Win32
		{4C2865DF-5CE4-4205-8CA1-0E446FC6B7C9}.Release|Any CPU.ActiveCfg = Release|Win32
		{4C2865DF-5CE4-4205-8CA1-0E446FC6B7C9}.Release|Mixed Platforms.ActiveCfg = Release|Win32
		{4C2865DF-5CE4-4205-8CA1-0E446FC6B7C9}.Release|Mixed Platforms.Build.0 = Release|Win32
		{4C2865DF-5CE4-4205-8CA1-0E446FC6B7C9}.Release|Win32.ActiveCfg = Release|Win32
		{4C2865DF-5CE4-4205-8CA1-0E446FC6B7C9}.Release|Win32.Build.0 = Release|Win32
		{4C2865DF-5CE4-4205-8CA1-0E446FC6B7C9}.Release|x64.ActiveCfg = Release|x64
		{4C2865DF-5CE4-4205-8CA1-0E446FC6B7C9}.Release|x64.Build.0 = Release|x64
		{4C2865DF-5CE4-4205-8CA1-0E446FC6B7C9}.Release|x86.ActiveCfg = Release|Win32
		{4C2865DF-5CE4-4205-8CA1-0E446FC6B7C9}.Release|x86.Build.0 = Release|Win32
		{4C2865DF-5CE4-4205-8CA1-0E446FC6B7C9}.UnitTest|Any CPU.ActiveCfg = Release|Win32
		{4C2865DF-5CE4-4205-8CA1-0E446FC6B7C9}.UnitTest|Mixed Platforms.ActiveCfg = Release|Win32
		{4C2865DF-5CE4-4205-8CA1-0E446FC6B7C9}.UnitTest|Mixed Platforms.Build.0 = Release|Win32
		{4C2865DF-5CE4-4205-8CA1-0E446FC6B7C9}.UnitTest|Win32.ActiveCfg = Release|Win32
		{4C2865DF-5CE4-4205-8CA1-0E446FC6B7C9}.UnitTest|Win32.Build.0 = Release|Win32
		{4C2865DF-5CE4-4205-8CA1-0E446FC6B7C9}.UnitTest|x64.ActiveCfg = Release|x64
		{4C2865DF-5CE4-4205-8CA1-0E446FC6B7C9}.UnitTest|x64.Build.0 = Release|x64
		{4C2865DF-5CE4-4205-8CA1-0E446FC6B7C9}.UnitTest|x86.ActiveCfg = Release|Win32
		{4C2865DF-5CE4-4205-8CA1-0E446FC6B7C9}.UnitTest|x86.Build.0 = Release|Win32
		{44D914A9-23B7-4F17-8FED-857C1C1730F2}.Debug|Any CPU.ActiveCfg = Debug|x86
		{44D914A9-23B7-4F17-8FED-857C1C1730F2}.Debug|Mixed Platforms.ActiveCfg = Debug|x86
		{44D914A9-23B7-4F17-8FED-857C1C1730F2}.Debug|Mixed Platforms.Build.0 = Debug|x86
		{44D914A9-23B7-4F17-8FED-857C1C1730F2}.Debug|Win32.ActiveCfg = Debug|x86
		{44D914A9-23B7-4F17-8FED-857C1C1730F2}.Debug|Win32.Build.0 = Debug|x86
		{44D914A9-23B7-4F17-8FED-857C1C1730F2}.Debug|x64.ActiveCfg = Debug|x64
		{44D914A9-23B7-4F17-8FED-857C1C1730F2}.Debug|x64.Build.0 = Debug|x64
		{44D914A9-23B7-4F17-8FED-857C1C1730F2}.Debug|x86.ActiveCfg = Debug|x86
		{44D914A9-23B7-4F17-8FED-857C1C1730F2}.Debug|x86.Build.0 = Debug|x86
		{44D914A9-23B7-4F17-8FED-857C1C1730F2}.DebugWithEx|Any CPU.ActiveCfg = DebugWithEx|x86
		{44D914A9-23B7-4F17-8FED-857C1C1730F2}.DebugWithEx|Mixed Platforms.ActiveCfg = DebugWithEx|x86
		{44D914A9-23B7-4F17-8FED-857C1C1730F2}.DebugWithEx|Mixed Platforms.Build.0 = DebugWithEx|x86
		{44D914A9-23B7-4F17-8FED-857C1C1730F2}.DebugWithEx|Win32.ActiveCfg = DebugWithEx|x86
		{44D914A9-23B7-4F17-8FED-857C1C1730F2}.DebugWithEx|Win32.Build.0 = DebugWithEx|x86
		{44D914A9-23B7-4F17-8FED-857C1C1730F2}.DebugWithEx|x64.ActiveCfg = DebugWithEx|x64
		{44D914A9-23B7-4F17-8FED-857C1C1730F2}.DebugWithEx|x64.Build.0 = DebugWithEx|x64
		{44D914A9-23B7-4F17-8FED-857C1C1730F2}.DebugWithEx|x86.ActiveCfg = DebugWithEx|x86
		{44D914A9-23B7-4F17-8FED-857C1C1730F2}.DebugWithEx|x86.Build.0 = DebugWithEx|x86
		{44D914A9-23B7-4F17-8FED-857C1C1730F2}.Mi-Token AP Release|Any CPU.ActiveCfg = Release|x86
		{44D914A9-23B7-4F17-8FED-857C1C1730F2}.Mi-Token AP Release|Mixed Platforms.ActiveCfg = Release|x86
		{44D914A9-23B7-4F17-8FED-857C1C1730F2}.Mi-Token AP Release|Mixed Platforms.Build.0 = Release|x86
		{44D914A9-23B7-4F17-8FED-857C1C1730F2}.Mi-Token AP Release|Win32.ActiveCfg = Release|x86
		{44D914A9-23B7-4F17-8FED-857C1C1730F2}.Mi-Token AP Release|Win32.Build.0 = Release|x86
		{44D914A9-23B7-4F17-8FED-857C1C1730F2}.Mi-Token AP Release|x64.ActiveCfg = Release|x64
		{44D914A9-23B7-4F17-8FED-857C1C1730F2}.Mi-Token AP Release|x64.Build.0 = Release|x64
		{44D914A9-23B7-4F17-8FED-857C1C1730F2}.Mi-Token AP Release|x86.ActiveCfg = Release|x86
		{44D914A9-23B7-4F17-8FED-857C1C1730F2}.Mi-Token AP Release|x86.Build.0 = Release|x86
		{44D914A9-23B7-4F17-8FED-857C1C1730F2}.Release|Any CPU.ActiveCfg = Release|x86
		{44D914A9-23B7-4F17-8FED-857C1C1730F2}.Release|Mixed Platforms.ActiveCfg = Release|x86
		{44D914A9-23B7-4F17-8FED-857C1C1730F2}.Release|Mixed Platforms.Build.0 = Release|x86
		{44D914A9-23B7-4F17-8FED-857C1C1730F2}.Release|Win32.ActiveCfg = Release|x86
		{44D914A9-23B7-4F17-8FED-857C1C1730F2}.Release|Win32.Build.0 = Release|x86
		{44D914A9-23B7-4F17-8FED-857C1C1730F2}.Release|x64.ActiveCfg = Release|x64
		{44D914A9-23B7-4F17-8FED-857C1C1730F2}.Release|x64.Build.0 = Release|x64
		{44D914A9-23B7-4F17-8FED-857C1C1730F2}.Release|x86.ActiveCfg = Release|x86
		{44D914A9-23B7-4F17-8FED-857C1C1730F2}.Release|x86.Build.0 = Release|x86
		{44D914A9-23B7-4F17-8FED-857C1C1730F2}.UnitTest|Any CPU.ActiveCfg = UnitTest|x86
		{44D914A9-23B7-4F17-8FED-857C1C1730F2}.UnitTest|Mixed Platforms.ActiveCfg = UnitTest|x86
		{44D914A9-23B7-4F17-8FED-857C1C1730F2}.UnitTest|Mixed Platforms.Build.0 = UnitTest|x86
		{44D914A9-23B7-4F17-8FED-857C1C1730F2}.UnitTest|Win32.ActiveCfg = UnitTest|x86
		{44D914A9-23B7-4F17-8FED-857C1C1730F2}.UnitTest|Win32.Build.0 = UnitTest|x86
		{44D914A9-23B7-4F17-8FED-857C1C1730F2}.UnitTest|x64.ActiveCfg = UnitTest|x64
		{44D914A9-23B7-4F17-8FED-857C1C1730F2}.UnitTest|x64.Build.0 = UnitTest|x64
		{44D914A9-23B7-4F17-8FED-857C1C1730F2}.UnitTest|x86.ActiveCfg = UnitTest|x86
		{44D914A9-23B7-4F17-8FED-857C1C1730F2}.UnitTest|x86.Build.0 = UnitTest|x86
		{E88AF298-17D8-4707-9762-7ACD0252F0EB}.Debug|Any CPU.ActiveCfg = Debug|Win32
		{E88AF298-17D8-4707-9762-7ACD0252F0EB}.Debug|Mixed Platforms.ActiveCfg = Debug|Win32
		{E88AF298-17D8-4707-9762-7ACD0252F0EB}.Debug|Mixed Platforms.Build.0 = Debug|Win32
		{E88AF298-17D8-4707-9762-7ACD0252F0EB}.Debug|Win32.ActiveCfg = Debug|Win32
		{E88AF298-17D8-4707-9762-7ACD0252F0EB}.Debug|Win32.Build.0 = Debug|Win32
		{E88AF298-17D8-4707-9762-7ACD0252F0EB}.Debug|x64.ActiveCfg = Debug|x64
		{E88AF298-17D8-4707-9762-7ACD0252F0EB}.Debug|x64.Build.0 = Debug|x64
		{E88AF298-17D8-4707-9762-7ACD0252F0EB}.Debug|x86.ActiveCfg = Debug|Win32
		{E88AF298-17D8-4707-9762-7ACD0252F0EB}.Debug|x86.Build.0 = Debug|Win32
		{E88AF298-17D8-4707-9762-7ACD0252F0EB}.DebugWithEx|Any CPU.ActiveCfg = DebugWithEx|Win32
		{E88AF298-17D8-4707-9762-7ACD0252F0EB}.DebugWithEx|Mixed Platforms.ActiveCfg = DebugWithEx|Win32
		{E88AF298-17D8-4707-9762-7ACD0252F0EB}.DebugWithEx|Mixed Platforms.Build.0 = DebugWithEx|Win32
		{E88AF298-17D8-4707-9762-7ACD0252F0EB}.DebugWithEx|Win32.ActiveCfg = DebugWithEx|Win32
		{E88AF298-17D8-4707-9762-7ACD0252F0EB}.DebugWithEx|Win32.Build.0 = DebugWithEx|Win32
		{E88AF298-17D8-4707-9762-7ACD0252F0EB}.DebugWithEx|x64.ActiveCfg = DebugWithEx|x64
		{E88AF298-17D8-4707-9762-7ACD0252F0EB}.DebugWithEx|x64.Build.0 = DebugWithEx|x64
		{E88AF298-17D8-4707-9762-7ACD0252F0EB}.DebugWithEx|x86.ActiveCfg = DebugWithEx|Win32
		{E88AF298-17D8-4707-9762-7ACD0252F0EB}.DebugWithEx|x86.Build.0 = DebugWithEx|Win32
		{E88AF298-17D8-4707-9762-7ACD0252F0EB}.Mi-Token AP Release|Any CPU.ActiveCfg = Release|Win32
		{E88AF298-17D8-4707-9762-7ACD0252F0EB}.Mi-Token AP Release|Mixed Platforms.ActiveCfg = Release|Win32
		{E88AF298-17D8-4707-9762-7ACD0252F0EB}.Mi-Token AP Release|Mixed Platforms.Build.0 = Release|Win32
		{E88AF298-17D8-4707-9762-7ACD0252F0EB}.Mi-Token AP Release|Win32.ActiveCfg = Release|Win32
		{E88AF298-17D8-4707-9762-7ACD0252F0EB}.Mi-Token AP Release|Win32.Build.0 = Release|Win32
		{E88AF298-17D8-4707-9762-7ACD0252F0EB}.Mi-Token AP Release|x64.ActiveCfg = Release|x64
		{E88AF298-17D8-4707-9762-7ACD0252F0EB}.Mi-Token AP Release|x64.Build.0 = Release|x64
		{E88AF298-17D8-4707-9762-7ACD0252F0EB}.Mi-Token AP Release|x86.ActiveCfg = Release|Win32
		{E88AF298-17D8-4707-9762-7ACD0252F0EB}.Mi-Token AP Release|x86.Build.0 = Release|Win32
		{E88AF298-17D8-4707-9762-7ACD0252F0EB}.Release|Any CPU.ActiveCfg = Release|Win32
		{E88AF298-17D8-4707-9762-7ACD0252F0EB}.Release|Mixed Platforms.ActiveCfg = Release|Win32
		{E88AF298-17D8-4707-9762-7ACD0252F0EB}.Release|Mixed Platforms.Build.0 = Release|Win32
		{E88AF298-17D8-4707-9762-7ACD0252F0EB}.Release|Win32.ActiveCfg = Release|Win32
		{E88AF298-17D8-4707-9762-7ACD0252F0EB}.Release|Win32.Build.0 = Release|Win32
		{E88AF298-17D8-4707-9762-7ACD0252F0EB}.Release|x64.ActiveCfg = Release|x64
		{E88AF298-17D8-4707-9762-7ACD0252F0EB}.Release|x64.Build.0 = Release|x64
		{E88AF298-17D8-4707-9762-7ACD0252F0EB}.Release|x86.ActiveCfg = Release|Win32
		{E88AF298-17D8-4707-9762-7ACD0252F0EB}.Release|x86.Build.0 = Release|Win32
		{E88AF298-17D8-4707-9762-7ACD0252F0EB}.UnitTest|Any CPU.ActiveCfg = UnitTest|Win32
		{E88AF298-17D8-4707-9762-7ACD0252F0EB}.UnitTest|Mixed Platforms.ActiveCfg = UnitTest|Win32
		{E88AF298-17D8-4707-9762-7ACD0252F0EB}.UnitTest|Mixed Platforms.Build.0 = UnitTest|Win32
		{E88AF298-17D8-4707-9762-7ACD0252F0EB}.UnitTest|Win32.ActiveCfg = UnitTest|Win32
		{E88AF298-17D8-4707-9762-7ACD0252F0EB}.UnitTest|Win32.Build.0 = UnitTest|Win32
		{E88AF298-17D8-4707-9762-7ACD0252F0EB}.UnitTest|x64.ActiveCfg = UnitTest|x64
		{E88AF298-17D8-4707-9762-7ACD0252F0EB}.UnitTest|x64.Build.0 = UnitTest|x64
		{E88AF298-17D8-4707-9762-7ACD0252F0EB}.UnitTest|x86.ActiveCfg = UnitTest|Win32
		{E88AF298-17D8-4707-9762-7ACD0252F0EB}.UnitTest|x86.Build.0 = UnitTest|Win32
		{D704DBBE-2C8C-4435-A0BE-DD6AD3A92164}.Debug|Any CPU.ActiveCfg = Debug|Any CPU
		{D704DBBE-2C8C-4435-A0BE-DD6AD3A92164}.Debug|Any CPU.Build.0 = Debug|Any CPU
		{D704DBBE-2C8C-4435-A0BE-DD6AD3A92164}.Debug|Mixed Platforms.ActiveCfg = Debug|Any CPU
		{D704DBBE-2C8C-4435-A0BE-DD6AD3A92164}.Debug|Mixed Platforms.Build.0 = Debug|Any CPU
		{D704DBBE-2C8C-4435-A0BE-DD6AD3A92164}.Debug|Win32.ActiveCfg = Debug|Any CPU
		{D704DBBE-2C8C-4435-A0BE-DD6AD3A92164}.Debug|x64.ActiveCfg = Debug|x64
		{D704DBBE-2C8C-4435-A0BE-DD6AD3A92164}.Debug|x64.Build.0 = Debug|x64
		{D704DBBE-2C8C-4435-A0BE-DD6AD3A92164}.Debug|x86.ActiveCfg = Debug|Any CPU
		{D704DBBE-2C8C-4435-A0BE-DD6AD3A92164}.DebugWithEx|Any CPU.ActiveCfg = Debug|Any CPU
		{D704DBBE-2C8C-4435-A0BE-DD6AD3A92164}.DebugWithEx|Any CPU.Build.0 = Debug|Any CPU
		{D704DBBE-2C8C-4435-A0BE-DD6AD3A92164}.DebugWithEx|Mixed Platforms.ActiveCfg = Debug|Any CPU
		{D704DBBE-2C8C-4435-A0BE-DD6AD3A92164}.DebugWithEx|Mixed Platforms.Build.0 = Debug|Any CPU
		{D704DBBE-2C8C-4435-A0BE-DD6AD3A92164}.DebugWithEx|Win32.ActiveCfg = Debug|Any CPU
		{D704DBBE-2C8C-4435-A0BE-DD6AD3A92164}.DebugWithEx|x64.ActiveCfg = Debug|x64
		{D704DBBE-2C8C-4435-A0BE-DD6AD3A92164}.DebugWithEx|x64.Build.0 = Debug|x64
		{D704DBBE-2C8C-4435-A0BE-DD6AD3A92164}.DebugWithEx|x86.ActiveCfg = Debug|Any CPU
		{D704DBBE-2C8C-4435-A0BE-DD6AD3A92164}.Mi-Token AP Release|Any CPU.ActiveCfg = Mi-Token AP Release|Any CPU
		{D704DBBE-2C8C-4435-A0BE-DD6AD3A92164}.Mi-Token AP Release|Any CPU.Build.0 = Mi-Token AP Release|Any CPU
		{D704DBBE-2C8C-4435-A0BE-DD6AD3A92164}.Mi-Token AP Release|Mixed Platforms.ActiveCfg = Mi-Token AP Release|Any CPU
		{D704DBBE-2C8C-4435-A0BE-DD6AD3A92164}.Mi-Token AP Release|Mixed Platforms.Build.0 = Mi-Token AP Release|Any CPU
		{D704DBBE-2C8C-4435-A0BE-DD6AD3A92164}.Mi-Token AP Release|Win32.ActiveCfg = Mi-Token AP Release|Any CPU
		{D704DBBE-2C8C-4435-A0BE-DD6AD3A92164}.Mi-Token AP Release|x64.ActiveCfg = Mi-Token AP Release|x64
		{D704DBBE-2C8C-4435-A0BE-DD6AD3A92164}.Mi-Token AP Release|x64.Build.0 = Mi-Token AP Release|x64
		{D704DBBE-2C8C-4435-A0BE-DD6AD3A92164}.Mi-Token AP Release|x86.ActiveCfg = Mi-Token AP Release|Any CPU
		{D704DBBE-2C8C-4435-A0BE-DD6AD3A92164}.Release|Any CPU.ActiveCfg = Release|Any CPU
		{D704DBBE-2C8C-4435-A0BE-DD6AD3A92164}.Release|Any CPU.Build.0 = Release|Any CPU
		{D704DBBE-2C8C-4435-A0BE-DD6AD3A92164}.Release|Mixed Platforms.ActiveCfg = Release|Any CPU
		{D704DBBE-2C8C-4435-A0BE-DD6AD3A92164}.Release|Mixed Platforms.Build.0 = Release|Any CPU
		{D704DBBE-2C8C-4435-A0BE-DD6AD3A92164}.Release|Win32.ActiveCfg = Release|Any CPU
		{D704DBBE-2C8C-4435-A0BE-DD6AD3A92164}.Release|x64.ActiveCfg = Release|x64
		{D704DBBE-2C8C-4435-A0BE-DD6AD3A92164}.Release|x64.Build.0 = Release|x64
		{D704DBBE-2C8C-4435-A0BE-DD6AD3A92164}.Release|x86.ActiveCfg = Release|x86
		{D704DBBE-2C8C-4435-A0BE-DD6AD3A92164}.Release|x86.Build.0 = Release|x86
		{D704DBBE-2C8C-4435-A0BE-DD6AD3A92164}.UnitTest|Any CPU.ActiveCfg = Mi-Token AP Release|Any CPU
		{D704DBBE-2C8C-4435-A0BE-DD6AD3A92164}.UnitTest|Any CPU.Build.0 = Mi-Token AP Release|Any CPU
		{D704DBBE-2C8C-4435-A0BE-DD6AD3A92164}.UnitTest|Mixed Platforms.ActiveCfg = Mi-Token AP Release|Any CPU
		{D704DBBE-2C8C-4435-A0BE-DD6AD3A92164}.UnitTest|Mixed Platforms.Build.0 = Mi-Token AP Release|Any CPU
		{D704DBBE-2C8C-4435-A0BE-DD6AD3A92164}.UnitTest|Win32.ActiveCfg = Mi-Token AP Release|Any CPU
		{D704DBBE-2C8C-4435-A0BE-DD6AD3A92164}.UnitTest|x64.ActiveCfg = Mi-Token AP Release|x64
		{D704DBBE-2C8C-4435-A0BE-DD6AD3A92164}.UnitTest|x64.Build.0 = Mi-Token AP Release|x64
		{D704DBBE-2C8C-4435-A0BE-DD6AD3A92164}.UnitTest|x86.ActiveCfg = Mi-Token AP Release|Any CPU
		{C59F3749-DAF3-4276-BEC2-B18002ADE788}.Debug|Any CPU.ActiveCfg = Debug|Win32
		{C59F3749-DAF3-4276-BEC2-B18002ADE788}.Debug|Mixed Platforms.ActiveCfg = Debug|Win32
		{C59F3749-DAF3-4276-BEC2-B18002ADE788}.Debug|Mixed Platforms.Build.0 = Debug|Win32
		{C59F3749-DAF3-4276-BEC2-B18002ADE788}.Debug|Win32.ActiveCfg = Debug|Win32
		{C59F3749-DAF3-4276-BEC2-B18002ADE788}.Debug|Win32.Build.0 = Debug|Win32
		{C59F3749-DAF3-4276-BEC2-B18002ADE788}.Debug|x64.ActiveCfg = Debug|x64
		{C59F3749-DAF3-4276-BEC2-B18002ADE788}.Debug|x64.Build.0 = Debug|x64
		{C59F3749-DAF3-4276-BEC2-B18002ADE788}.Debug|x86.ActiveCfg = Debug|Win32
		{C59F3749-DAF3-4276-BEC2-B18002ADE788}.Debug|x86.Build.0 = Debug|Win32
		{C59F3749-DAF3-4276-BEC2-B18002ADE788}.DebugWithEx|Any CPU.ActiveCfg = Debug|Win32
		{C59F3749-DAF3-4276-BEC2-B18002ADE788}.DebugWithEx|Mixed Platforms.ActiveCfg = Debug|Win32
		{C59F3749-DAF3-4276-BEC2-B18002ADE788}.DebugWithEx|Mixed Platforms.Build.0 = Debug|Win32
		{C59F3749-DAF3-4276-BEC2-B18002ADE788}.DebugWithEx|Win32.ActiveCfg = Debug|Win32
		{C59F3749-DAF3-4276-BEC2-B18002ADE788}.DebugWithEx|Win32.Build.0 = Debug|Win32
		{C59F3749-DAF3-4276-BEC2-B18002ADE788}.DebugWithEx|x64.ActiveCfg = Debug|x64
		{C59F3749-DAF3-4276-BEC2-B18002ADE788}.DebugWithEx|x64.Build.0 = Debug|x64
		{C59F3749-DAF3-4276-BEC2-B18002ADE788}.DebugWithEx|x86.ActiveCfg = Debug|Win32
		{C59F3749-DAF3-4276-BEC2-B18002ADE788}.DebugWithEx|x86.Build.0 = Debug|Win32
		{C59F3749-DAF3-4276-BEC2-B18002ADE788}.Mi-Token AP Release|Any CPU.ActiveCfg = Mi-Token AP Release|Win32
		{C59F3749-DAF3-4276-BEC2-B18002ADE788}.Mi-Token AP Release|Mixed Platforms.ActiveCfg = Mi-Token AP Release|Win32
		{C59F3749-DAF3-4276-BEC2-B18002ADE788}.Mi-Token AP Release|Mixed Platforms.Build.0 = Mi-Token AP Release|Win32
		{C59F3749-DAF3-4276-BEC2-B18002ADE788}.Mi-Token AP Release|Win32.ActiveCfg = Mi-Token AP Release|Win32
		{C59F3749-DAF3-4276-BEC2-B18002ADE788}.Mi-Token AP Release|Win32.Build.0 = Mi-Token AP Release|Win32
		{C59F3749-DAF3-4276-BEC2-B18002ADE788}.Mi-Token AP Release|x64.ActiveCfg = Mi-Token AP Release|x64
		{C59F3749-DAF3-4276-BEC2-B18002ADE788}.Mi-Token AP Release|x64.Build.0 = Mi-Token AP Release|x64
		{C59F3749-DAF3-4276-BEC2-B18002ADE788}.Mi-Token AP Release|x86.ActiveCfg = Mi-Token AP Release|Win32
		{C59F3749-DAF3-4276-BEC2-B18002ADE788}.Mi-Token AP Release|x86.Build.0 = Mi-Token AP Release|Win32
		{C59F3749-DAF3-4276-BEC2-B18002ADE788}.Release|Any CPU.ActiveCfg = Release|Win32
		{C59F3749-DAF3-4276-BEC2-B18002ADE788}.Release|Mixed Platforms.ActiveCfg = Release|Win32
		{C59F3749-DAF3-4276-BEC2-B18002ADE788}.Release|Mixed Platforms.Build.0 = Release|Win32
		{C59F3749-DAF3-4276-BEC2-B18002ADE788}.Release|Win32.ActiveCfg = Release|Win32
		{C59F3749-DAF3-4276-BEC2-B18002ADE788}.Release|Win32.Build.0 = Release|Win32
		{C59F3749-DAF3-4276-BEC2-B18002ADE788}.Release|x64.ActiveCfg = Release|x64
		{C59F3749-DAF3-4276-BEC2-B18002ADE788}.Release|x64.Build.0 = Release|x64
		{C59F3749-DAF3-4276-BEC2-B18002ADE788}.Release|x86.ActiveCfg = Release|Win32
		{C59F3749-DAF3-4276-BEC2-B18002ADE788}.Release|x86.Build.0 = Release|Win32
		{C59F3749-DAF3-4276-BEC2-B18002ADE788}.UnitTest|Any CPU.ActiveCfg = Release|Win32
		{C59F3749-DAF3-4276-BEC2-B18002ADE788}.UnitTest|Mixed Platforms.ActiveCfg = Release|Win32
		{C59F3749-DAF3-4276-BEC2-B18002ADE788}.UnitTest|Mixed Platforms.Build.0 = Release|Win32
		{C59F3749-DAF3-4276-BEC2-B18002ADE788}.UnitTest|Win32.ActiveCfg = Release|Win32
		{C59F3749-DAF3-4276-BEC2-B18002ADE788}.UnitTest|Win32.Build.0 = Release|Win32
		{C59F3749-DAF3-4276-BEC2-B18002ADE788}.UnitTest|x64.ActiveCfg = Release|x64
		{C59F3749-DAF3-4276-BEC2-B18002ADE788}.UnitTest|x64.Build.0 = Release|x64
		{C59F3749-DAF3-4276-BEC2-B18002ADE788}.UnitTest|x86.ActiveCfg = Release|Win32
		{C59F3749-DAF3-4276-BEC2-B18002ADE788}.UnitTest|x86.Build.0 = Release|Win32
		{AF838DE4-894B-4187-994D-EC0663A3AB33}.Debug|Any CPU.ActiveCfg = Debug|Any CPU
		{AF838DE4-894B-4187-994D-EC0663A3AB33}.Debug|Any CPU.Build.0 = Debug|Any CPU
		{AF838DE4-894B-4187-994D-EC0663A3AB33}.Debug|Mixed Platforms.ActiveCfg = Debug|Any CPU
		{AF838DE4-894B-4187-994D-EC0663A3AB33}.Debug|Mixed Platforms.Build.0 = Debug|Any CPU
		{AF838DE4-894B-4187-994D-EC0663A3AB33}.Debug|Win32.ActiveCfg = Debug|Any CPU
		{AF838DE4-894B-4187-994D-EC0663A3AB33}.Debug|x64.ActiveCfg = Debug|x64
		{AF838DE4-894B-4187-994D-EC0663A3AB33}.Debug|x64.Build.0 = Debug|x64
		{AF838DE4-894B-4187-994D-EC0663A3AB33}.Debug|x86.ActiveCfg = Debug|Any CPU
		{AF838DE4-894B-4187-994D-EC0663A3AB33}.DebugWithEx|Any CPU.ActiveCfg = Debug|Any CPU
		{AF838DE4-894B-4187-994D-EC0663A3AB33}.DebugWithEx|Any CPU.Build.0 = Debug|Any CPU
		{AF838DE4-894B-4187-994D-EC0663A3AB33}.DebugWithEx|Mixed Platforms.ActiveCfg = Debug|Any CPU
		{AF838DE4-894B-4187-994D-EC0663A3AB33}.DebugWithEx|Mixed Platforms.Build.0 = Debug|Any CPU
		{AF838DE4-894B-4187-994D-EC0663A3AB33}.DebugWithEx|Win32.ActiveCfg = Debug|Any CPU
		{AF838DE4-894B-4187-994D-EC0663A3AB33}.DebugWithEx|x64.ActiveCfg = Debug|x64
		{AF838DE4-894B-4187-994D-EC0663A3AB33}.DebugWithEx|x64.Build.0 = Debug|x64
		{AF838DE4-894B-4187-994D-EC0663A3AB33}.DebugWithEx|x86.ActiveCfg = Debug|Any CPU
		{AF838DE4-894B-4187-994D-EC0663A3AB33}.Mi-Token AP Release|Any CPU.ActiveCfg = Mi-Token AP Release|Any CPU
		{AF838DE4-894B-4187-994D-EC0663A3AB33}.Mi-Token AP Release|Any CPU.Build.0 = Mi-Token AP Release|Any CPU
		{AF838DE4-894B-4187-994D-EC0663A3AB33}.Mi-Token AP Release|Mixed Platforms.ActiveCfg = Mi-Token AP Release|Any CPU
		{AF838DE4-894B-4187-994D-EC0663A3AB33}.Mi-Token AP Release|Mixed Platforms.Build.0 = Mi-Token AP Release|Any CPU
		{AF838DE4-894B-4187-994D-EC0663A3AB33}.Mi-Token AP Release|Win32.ActiveCfg = Mi-Token AP Release|Any CPU
		{AF838DE4-894B-4187-994D-EC0663A3AB33}.Mi-Token AP Release|x64.ActiveCfg = Mi-Token AP Release|x64
		{AF838DE4-894B-4187-994D-EC0663A3AB33}.Mi-Token AP Release|x64.Build.0 = Mi-Token AP Release|x64
		{AF838DE4-894B-4187-994D-EC0663A3AB33}.Mi-Token AP Release|x86.ActiveCfg = Mi-Token AP Release|Any CPU
		{AF838DE4-894B-4187-994D-EC0663A3AB33}.Release|Any CPU.ActiveCfg = Release|Any CPU
		{AF838DE4-894B-4187-994D-EC0663A3AB33}.Release|Any CPU.Build.0 = Release|Any CPU
		{AF838DE4-894B-4187-994D-EC0663A3AB33}.Release|Mixed Platforms.ActiveCfg = Release|Any CPU
		{AF838DE4-894B-4187-994D-EC0663A3AB33}.Release|Mixed Platforms.Build.0 = Release|Any CPU
		{AF838DE4-894B-4187-994D-EC0663A3AB33}.Release|Win32.ActiveCfg = Release|Any CPU
		{AF838DE4-894B-4187-994D-EC0663A3AB33}.Release|x64.ActiveCfg = Release|x64
		{AF838DE4-894B-4187-994D-EC0663A3AB33}.Release|x64.Build.0 = Release|x64
		{AF838DE4-894B-4187-994D-EC0663A3AB33}.Release|x86.ActiveCfg = Release|x86
		{AF838DE4-894B-4187-994D-EC0663A3AB33}.Release|x86.Build.0 = Release|x86
		{AF838DE4-894B-4187-994D-EC0663A3AB33}.UnitTest|Any CPU.ActiveCfg = Mi-Token AP Release|Any CPU
		{AF838DE4-894B-4187-994D-EC0663A3AB33}.UnitTest|Any CPU.Build.0 = Mi-Token AP Release|Any CPU
		{AF838DE4-894B-4187-994D-EC0663A3AB33}.UnitTest|Mixed Platforms.ActiveCfg = Mi-Token AP Release|Any CPU
		{AF838DE4-894B-4187-994D-EC0663A3AB33}.UnitTest|Mixed Platforms.Build.0 = Mi-Token AP Release|Any CPU
		{AF838DE4-894B-4187-994D-EC0663A3AB33}.UnitTest|Win32.ActiveCfg = Mi-Token AP Release|Any CPU
		{AF838DE4-894B-4187-994D-EC0663A3AB33}.UnitTest|x64.ActiveCfg = Mi-Token AP Release|x64
		{AF838DE4-894B-4187-994D-EC0663A3AB33}.UnitTest|x64.Build.0 = Mi-Token AP Release|x64
		{AF838DE4-894B-4187-994D-EC0663A3AB33}.UnitTest|x86.ActiveCfg = Mi-Token AP Release|Any CPU
		{C84E0FBA-4073-407A-999B-124DBD6046A7}.Debug|Any CPU.ActiveCfg = Debug|Win32
		{C84E0FBA-4073-407A-999B-124DBD6046A7}.Debug|Mixed Platforms.ActiveCfg = Debug|Win32
		{C84E0FBA-4073-407A-999B-124DBD6046A7}.Debug|Mixed Platforms.Build.0 = Debug|Win32
		{C84E0FBA-4073-407A-999B-124DBD6046A7}.Debug|Win32.ActiveCfg = Debug|Win32
		{C84E0FBA-4073-407A-999B-124DBD6046A7}.Debug|Win32.Build.0 = Debug|Win32
		{C84E0FBA-4073-407A-999B-124DBD6046A7}.Debug|x64.ActiveCfg = Debug|Win32
		{C84E0FBA-4073-407A-999B-124DBD6046A7}.Debug|x64.Build.0 = Debug|Win32
		{C84E0FBA-4073-407A-999B-124DBD6046A7}.Debug|x86.ActiveCfg = Debug|Win32
		{C84E0FBA-4073-407A-999B-124DBD6046A7}.Debug|x86.Build.0 = Debug|Win32
		{C84E0FBA-4073-407A-999B-124DBD6046A7}.DebugWithEx|Any CPU.ActiveCfg = Debug|Win32
		{C84E0FBA-4073-407A-999B-124DBD6046A7}.DebugWithEx|Mixed Platforms.ActiveCfg = Debug|Win32
		{C84E0FBA-4073-407A-999B-124DBD6046A7}.DebugWithEx|Mixed Platforms.Build.0 = Debug|Win32
		{C84E0FBA-4073-407A-999B-124DBD6046A7}.DebugWithEx|Win32.ActiveCfg = Debug|Win32
		{C84E0FBA-4073-407A-999B-124DBD6046A7}.DebugWithEx|Win32.Build.0 = Debug|Win32
		{C84E0FBA-4073-407A-999B-124DBD6046A7}.DebugWithEx|x64.ActiveCfg = Debug|x64
		{C84E0FBA-4073-407A-999B-124DBD6046A7}.DebugWithEx|x64.Build.0 = Debug|x64
		{C84E0FBA-4073-407A-999B-124DBD6046A7}.DebugWithEx|x86.ActiveCfg = Debug|Win32
		{C84E0FBA-4073-407A-999B-124DBD6046A7}.DebugWithEx|x86.Build.0 = Debug|Win32
		{C84E0FBA-4073-407A-999B-124DBD6046A7}.Mi-Token AP Release|Any CPU.ActiveCfg = Mi-Token AP Release|Win32
		{C84E0FBA-4073-407A-999B-124DBD6046A7}.Mi-Token AP Release|Mixed Platforms.ActiveCfg = Mi-Token AP Release|Win32
		{C84E0FBA-4073-407A-999B-124DBD6046A7}.Mi-Token AP Release|Mixed Platforms.Build.0 = Mi-Token AP Release|Win32
		{C84E0FBA-4073-407A-999B-124DBD6046A7}.Mi-Token AP Release|Win32.ActiveCfg = Mi-Token AP Release|Win32
		{C84E0FBA-4073-407A-999B-124DBD6046A7}.Mi-Token AP Release|Win32.Build.0 = Mi-Token AP Release|Win32
		{C84E0FBA-4073-407A-999B-124DBD6046A7}.Mi-Token AP Release|x64.ActiveCfg = Mi-Token AP Release|x64
		{C84E0FBA-4073-407A-999B-124DBD6046A7}.Mi-Token AP Release|x64.Build.0 = Mi-Token AP Release|x64
		{C84E0FBA-4073-407A-999B-124DBD6046A7}.Mi-Token AP Release|x86.ActiveCfg = Mi-Token AP Release|Win32
		{C84E0FBA-4073-407A-999B-124DBD6046A7}.Mi-Token AP Release|x86.Build.0 = Mi-Token AP Release|Win32
		{C84E0FBA-4073-407A-999B-124DBD6046A7}.Release|Any CPU.ActiveCfg = Release|Win32
		{C84E0FBA-4073-407A-999B-124DBD6046A7}.Release|Mixed Platforms.ActiveCfg = Release|Win32
		{C84E0FBA-4073-407A-999B-124DBD6046A7}.Release|Mixed Platforms.Build.0 = Release|Win32
		{C84E0FBA-4073-407A-999B-124DBD6046A7}.Release|Win32.ActiveCfg = Release|Win32
		{C84E0FBA-4073-407A-999B-124DBD6046A7}.Release|Win32.Build.0 = Release|Win32
		{C84E0FBA-4073-407A-999B-124DBD6046A7}.Release|x64.ActiveCfg = Release|Win32
		{C84E0FBA-4073-407A-999B-124DBD6046A7}.Release|x64.Build.0 = Release|Win32
		{C84E0FBA-4073-407A-999B-124DBD6046A7}.Release|x86.ActiveCfg = Release|Win32
		{C84E0FBA-4073-407A-999B-124DBD6046A7}.Release|x86.Build.0 = Release|Win32
		{C84E0FBA-4073-407A-999B-124DBD6046A7}.UnitTest|Any CPU.ActiveCfg = Release|Win32
		{C84E0FBA-4073-407A-999B-124DBD6046A7}.UnitTest|Mixed Platforms.ActiveCfg = Release|Win32
		{C84E0FBA-4073-407A-999B-124DBD6046A7}.UnitTest|Mixed Platforms.Build.0 = Release|Win32
		{C84E0FBA-4073-407A-999B-124DBD6046A7}.UnitTest|Win32.ActiveCfg = Release|Win32
		{C84E0FBA-4073-407A-999B-124DBD6046A7}.UnitTest|Win32.Build.0 = Release|Win32
		{C84E0FBA-4073-407A-999B-124DBD6046A7}.UnitTest|x64.ActiveCfg = Release|x64
		{C84E0FBA-4073-407A-999B-124DBD6046A7}.UnitTest|x64.Build.0 = Release|x64
		{C84E0FBA-4073-407A-999B-124DBD6046A7}.UnitTest|x86.ActiveCfg = Release|Win32
		{C84E0FBA-4073-407A-999B-124DBD6046A7}.UnitTest|x86.Build.0 = Release|Win32
		{12D554ED-44DD-4F97-82C9-9FC2D3DEF2E3}.Debug|Any CPU.ActiveCfg = Debug|x86
		{12D554ED-44DD-4F97-82C9-9FC2D3DEF2E3}.Debug|Mixed Platforms.ActiveCfg = Debug|x86
		{12D554ED-44DD-4F97-82C9-9FC2D3DEF2E3}.Debug|Mixed Platforms.Build.0 = Debug|x86
		{12D554ED-44DD-4F97-82C9-9FC2D3DEF2E3}.Debug|Win32.ActiveCfg = Debug|x86
		{12D554ED-44DD-4F97-82C9-9FC2D3DEF2E3}.Debug|Win32.Build.0 = Debug|x86
		{12D554ED-44DD-4F97-82C9-9FC2D3DEF2E3}.Debug|x64.ActiveCfg = Debug|x86
		{12D554ED-44DD-4F97-82C9-9FC2D3DEF2E3}.Debug|x86.ActiveCfg = Debug|x86
		{12D554ED-44DD-4F97-82C9-9FC2D3DEF2E3}.Debug|x86.Build.0 = Debug|x86
		{12D554ED-44DD-4F97-82C9-9FC2D3DEF2E3}.DebugWithEx|Any CPU.ActiveCfg = Debug|x86
		{12D554ED-44DD-4F97-82C9-9FC2D3DEF2E3}.DebugWithEx|Mixed Platforms.ActiveCfg = Debug|x86
		{12D554ED-44DD-4F97-82C9-9FC2D3DEF2E3}.DebugWithEx|Mixed Platforms.Build.0 = Debug|x86
		{12D554ED-44DD-4F97-82C9-9FC2D3DEF2E3}.DebugWithEx|Win32.ActiveCfg = Debug|x86
		{12D554ED-44DD-4F97-82C9-9FC2D3DEF2E3}.DebugWithEx|Win32.Build.0 = Debug|x86
		{12D554ED-44DD-4F97-82C9-9FC2D3DEF2E3}.DebugWithEx|x64.ActiveCfg = Debug|x86
		{12D554ED-44DD-4F97-82C9-9FC2D3DEF2E3}.DebugWithEx|x86.ActiveCfg = Debug|x86
		{12D554ED-44DD-4F97-82C9-9FC2D3DEF2E3}.DebugWithEx|x86.Build.0 = Debug|x86
		{12D554ED-44DD-4F97-82C9-9FC2D3DEF2E3}.Mi-Token AP Release|Any CPU.ActiveCfg = Release|x86
		{12D554ED-44DD-4F97-82C9-9FC2D3DEF2E3}.Mi-Token AP Release|Mixed Platforms.ActiveCfg = Release|x86
		{12D554ED-44DD-4F97-82C9-9FC2D3DEF2E3}.Mi-Token AP Release|Mixed Platforms.Build.0 = Release|x86
		{12D554ED-44DD-4F97-82C9-9FC2D3DEF2E3}.Mi-Token AP Release|Win32.ActiveCfg = Release|x86
		{12D554ED-44DD-4F97-82C9-9FC2D3DEF2E3}.Mi-Token AP Release|Win32.Build.0 = Release|x86
		{12D554ED-44DD-4F97-82C9-9FC2D3DEF2E3}.Mi-Token AP Release|x64.ActiveCfg = Release|x86
		{12D554ED-44DD-4F97-82C9-9FC2D3DEF2E3}.Mi-Token AP Release|x86.ActiveCfg = Release|x86
		{12D554ED-44DD-4F97-82C9-9FC2D3DEF2E3}.Mi-Token AP Release|x86.Build.0 = Release|x86
		{12D554ED-44DD-4F97-82C9-9FC2D3DEF2E3}.Release|Any CPU.ActiveCfg = Release|x86
		{12D554ED-44DD-4F97-82C9-9FC2D3DEF2E3}.Release|Mixed Platforms.ActiveCfg = Release|x86
		{12D554ED-44DD-4F97-82C9-9FC2D3DEF2E3}.Release|Mixed Platforms.Build.0 = Release|x86
		{12D554ED-44DD-4F97-82C9-9FC2D3DEF2E3}.Release|Win32.ActiveCfg = Release|x86
		{12D554ED-44DD-4F97-82C9-9FC2D3DEF2E3}.Release|Win32.Build.0 = Release|x86
		{12D554ED-44DD-4F97-82C9-9FC2D3DEF2E3}.Release|x64.ActiveCfg = Release|x64
		{12D554ED-44DD-4F97-82C9-9FC2D3DEF2E3}.Release|x64.Build.0 = Release|x64
		{12D554ED-44DD-4F97-82C9-9FC2D3DEF2E3}.Release|x86.ActiveCfg = Release|x86
		{12D554ED-44DD-4F97-82C9-9FC2D3DEF2E3}.Release|x86.Build.0 = Release|x86
		{12D554ED-44DD-4F97-82C9-9FC2D3DEF2E3}.UnitTest|Any CPU.ActiveCfg = Release|x86
		{12D554ED-44DD-4F97-82C9-9FC2D3DEF2E3}.UnitTest|Mixed Platforms.ActiveCfg = Release|x86
		{12D554ED-44DD-4F97-82C9-9FC2D3DEF2E3}.UnitTest|Mixed Platforms.Build.0 = Release|x86
		{12D554ED-44DD-4F97-82C9-9FC2D3DEF2E3}.UnitTest|Win32.ActiveCfg = Release|x86
		{12D554ED-44DD-4F97-82C9-9FC2D3DEF2E3}.UnitTest|Win32.Build.0 = Release|x86
		{12D554ED-44DD-4F97-82C9-9FC2D3DEF2E3}.UnitTest|x64.ActiveCfg = Release|x86
		{12D554ED-44DD-4F97-82C9-9FC2D3DEF2E3}.UnitTest|x86.ActiveCfg = Release|x86
		{12D554ED-44DD-4F97-82C9-9FC2D3DEF2E3}.UnitTest|x86.Build.0 = Release|x86
		{7E9BFF82-FB26-4C7B-A14D-FEB6FE722ED2}.Debug|Any CPU.ActiveCfg = Debug|x86
		{7E9BFF82-FB26-4C7B-A14D-FEB6FE722ED2}.Debug|Mixed Platforms.ActiveCfg = Debug|x86
		{7E9BFF82-FB26-4C7B-A14D-FEB6FE722ED2}.Debug|Mixed Platforms.Build.0 = Debug|x86
		{7E9BFF82-FB26-4C7B-A14D-FEB6FE722ED2}.Debug|Win32.ActiveCfg = Debug|x86
		{7E9BFF82-FB26-4C7B-A14D-FEB6FE722ED2}.Debug|Win32.Build.0 = Debug|x86
		{7E9BFF82-FB26-4C7B-A14D-FEB6FE722ED2}.Debug|x64.ActiveCfg = Debug|x86
		{7E9BFF82-FB26-4C7B-A14D-FEB6FE722ED2}.Debug|x86.ActiveCfg = Debug|x86
		{7E9BFF82-FB26-4C7B-A14D-FEB6FE722ED2}.Debug|x86.Build.0 = Debug|x86
		{7E9BFF82-FB26-4C7B-A14D-FEB6FE722ED2}.DebugWithEx|Any CPU.ActiveCfg = Debug|x86
		{7E9BFF82-FB26-4C7B-A14D-FEB6FE722ED2}.DebugWithEx|Mixed Platforms.ActiveCfg = Debug|x86
		{7E9BFF82-FB26-4C7B-A14D-FEB6FE722ED2}.DebugWithEx|Mixed Platforms.Build.0 = Debug|x86
		{7E9BFF82-FB26-4C7B-A14D-FEB6FE722ED2}.DebugWithEx|Win32.ActiveCfg = Debug|x86
		{7E9BFF82-FB26-4C7B-A14D-FEB6FE722ED2}.DebugWithEx|Win32.Build.0 = Debug|x86
		{7E9BFF82-FB26-4C7B-A14D-FEB6FE722ED2}.DebugWithEx|x64.ActiveCfg = Debug|x86
		{7E9BFF82-FB26-4C7B-A14D-FEB6FE722ED2}.DebugWithEx|x86.ActiveCfg = Debug|x86
		{7E9BFF82-FB26-4C7B-A14D-FEB6FE722ED2}.DebugWithEx|x86.Build.0 = Debug|x86
		{7E9BFF82-FB26-4C7B-A14D-FEB6FE722ED2}.Mi-Token AP Release|Any CPU.ActiveCfg = Release|x86
		{7E9BFF82-FB26-4C7B-A14D-FEB6FE722ED2}.Mi-Token AP Release|Mixed Platforms.ActiveCfg = Release|x86
		{7E9BFF82-FB26-4C7B-A14D-FEB6FE722ED2}.Mi-Token AP Release|Mixed Platforms.Build.0 = Release|x86
		{7E9BFF82-FB26-4C7B-A14D-FEB6FE722ED2}.Mi-Token AP Release|Win32.ActiveCfg = Release|x86
		{7E9BFF82-FB26-4C7B-A14D-FEB6FE722ED2}.Mi-Token AP Release|Win32.Build.0 = Release|x86
		{7E9BFF82-FB26-4C7B-A14D-FEB6FE722ED2}.Mi-Token AP Release|x64.ActiveCfg = Release|x86
		{7E9BFF82-FB26-4C7B-A14D-FEB6FE722ED2}.Mi-Token AP Release|x86.ActiveCfg = Release|x86
		{7E9BFF82-FB26-4C7B-A14D-FEB6FE722ED2}.Mi-Token AP Release|x86.Build.0 = Release|x86
		{7E9BFF82-FB26-4C7B-A14D-FEB6FE722ED2}.Release|Any CPU.ActiveCfg = Release|x86
		{7E9BFF82-FB26-4C7B-A14D-FEB6FE722ED2}.Release|Mixed Platforms.ActiveCfg = Release|x86
		{7E9BFF82-FB26-4C7B-A14D-FEB6FE722ED2}.Release|Mixed Platforms.Build.0 = Release|x86
		{7E9BFF82-FB26-4C7B-A14D-FEB6FE722ED2}.Release|Win32.ActiveCfg = Release|x86
		{7E9BFF82-FB26-4C7B-A14D-FEB6FE722ED2}.Release|Win32.Build.0 = Release|x86
		{7E9BFF82-FB26-4C7B-A14D-FEB6FE722ED2}.Release|x64.ActiveCfg = Release|x64
		{7E9BFF82-FB26-4C7B-A14D-FEB6FE722ED2}.Release|x64.Build.0 = Release|x64
		{7E9BFF82-FB26-4C7B-A14D-FEB6FE722ED2}.Release|x86.ActiveCfg = Release|x86
		{7E9BFF82-FB26-4C7B-A14D-FEB6FE722ED2}.Release|x86.Build.0 = Release|x86
		{7E9BFF82-FB26-4C7B-A14D-FEB6FE722ED2}.UnitTest|Any CPU.ActiveCfg = Release|x86
		{7E9BFF82-FB26-4C7B-A14D-FEB6FE722ED2}.UnitTest|Mixed Platforms.ActiveCfg = Release|x86
		{7E9BFF82-FB26-4C7B-A14D-FEB6FE722ED2}.UnitTest|Mixed Platforms.Build.0 = Release|x86
		{7E9BFF82-FB26-4C7B-A14D-FEB6FE722ED2}.UnitTest|Win32.ActiveCfg = Release|x86
		{7E9BFF82-FB26-4C7B-A14D-FEB6FE722ED2}.UnitTest|Win32.Build.0 = Release|x86
		{7E9BFF82-FB26-4C7B-A14D-FEB6FE722ED2}.UnitTest|x64.ActiveCfg = Release|x86
		{7E9BFF82-FB26-4C7B-A14D-FEB6FE722ED2}.UnitTest|x86.ActiveCfg = Release|x86
		{7E9BFF82-FB26-4C7B-A14D-FEB6FE722ED2}.UnitTest|x86.Build.0 = Release|x86
		{F7EDBBB9-3AAA-4EC2-B11E-A20AC07E9145}.Debug|Any CPU.ActiveCfg = Debug|x86
		{F7EDBBB9-3AAA-4EC2-B11E-A20AC07E9145}.Debug|Mixed Platforms.ActiveCfg = Debug|x86
		{F7EDBBB9-3AAA-4EC2-B11E-A20AC07E9145}.Debug|Mixed Platforms.Build.0 = Debug|x86
		{F7EDBBB9-3AAA-4EC2-B11E-A20AC07E9145}.Debug|Win32.ActiveCfg = Debug|x86
		{F7EDBBB9-3AAA-4EC2-B11E-A20AC07E9145}.Debug|Win32.Build.0 = Debug|x86
		{F7EDBBB9-3AAA-4EC2-B11E-A20AC07E9145}.Debug|x64.ActiveCfg = Debug|x86
		{F7EDBBB9-3AAA-4EC2-B11E-A20AC07E9145}.Debug|x86.ActiveCfg = Debug|x86
		{F7EDBBB9-3AAA-4EC2-B11E-A20AC07E9145}.Debug|x86.Build.0 = Debug|x86
		{F7EDBBB9-3AAA-4EC2-B11E-A20AC07E9145}.DebugWithEx|Any CPU.ActiveCfg = Debug|x86
		{F7EDBBB9-3AAA-4EC2-B11E-A20AC07E9145}.DebugWithEx|Mixed Platforms.ActiveCfg = Debug|x86
		{F7EDBBB9-3AAA-4EC2-B11E-A20AC07E9145}.DebugWithEx|Mixed Platforms.Build.0 = Debug|x86
		{F7EDBBB9-3AAA-4EC2-B11E-A20AC07E9145}.DebugWithEx|Win32.ActiveCfg = Debug|x86
		{F7EDBBB9-3AAA-4EC2-B11E-A20AC07E9145}.DebugWithEx|Win32.Build.0 = Debug|x86
		{F7EDBBB9-3AAA-4EC2-B11E-A20AC07E9145}.DebugWithEx|x64.ActiveCfg = Debug|x86
		{F7EDBBB9-3AAA-4EC2-B11E-A20AC07E9145}.DebugWithEx|x86.ActiveCfg = Debug|x86
		{F7EDBBB9-3AAA-4EC2-B11E-A20AC07E9145}.DebugWithEx|x86.Build.0 = Debug|x86
		{F7EDBBB9-3AAA-4EC2-B11E-A20AC07E9145}.Mi-Token AP Release|Any CPU.ActiveCfg = Release|x86
		{F7EDBBB9-3AAA-4EC2-B11E-A20AC07E9145}.Mi-Token AP Release|Mixed Platforms.ActiveCfg = Release|x86
		{F7EDBBB9-3AAA-4EC2-B11E-A20AC07E9145}.Mi-Token AP Release|Mixed Platforms.Build.0 = Release|x86
		{F7EDBBB9-3AAA-4EC2-B11E-A20AC07E9145}.Mi-Token AP Release|Win32.ActiveCfg = Release|x86
		{F7EDBBB9-3AAA-4EC2-B11E-A20AC07E9145}.Mi-Token AP Release|Win32.Build.0 = Release|x86
		{F7EDBBB9-3AAA-4EC2-B11E-A20AC07E9145}.Mi-Token AP Release|x64.ActiveCfg = Release|x86
		{F7EDBBB9-3AAA-4EC2-B11E-A20AC07E9145}.Mi-Token AP Release|x86.ActiveCfg = Release|x86
		{F7EDBBB9-3AAA-4EC2-B11E-A20AC07E9145}.Mi-Token AP Release|x86.Build.0 = Release|x86
		{F7EDBBB9-3AAA-4EC2-B11E-A20AC07E9145}.Release|Any CPU.ActiveCfg = Release|x86
		{F7EDBBB9-3AAA-4EC2-B11E-A20AC07E9145}.Release|Mixed Platforms.ActiveCfg = Release|x86
		{F7EDBBB9-3AAA-4EC2-B11E-A20AC07E9145}.Release|Mixed Platforms.Build.0 = Release|x86
		{F7EDBBB9-3AAA-4EC2-B11E-A20AC07E9145}.Release|Win32.ActiveCfg = Release|x86
		{F7EDBBB9-3AAA-4EC2-B11E-A20AC07E9145}.Release|Win32.Build.0 = Release|x86
		{F7EDBBB9-3AAA-4EC2-B11E-A20AC07E9145}.Release|x64.ActiveCfg = Release|x64
		{F7EDBBB9-3AAA-4EC2-B11E-A20AC07E9145}.Release|x64.Build.0 = Release|x64
		{F7EDBBB9-3AAA-4EC2-B11E-A20AC07E9145}.Release|x86.ActiveCfg = Release|x86
		{F7EDBBB9-3AAA-4EC2-B11E-A20AC07E9145}.Release|x86.Build.0 = Release|x86
		{F7EDBBB9-3AAA-4EC2-B11E-A20AC07E9145}.UnitTest|Any CPU.ActiveCfg = Release|x86
		{F7EDBBB9-3AAA-4EC2-B11E-A20AC07E9145}.UnitTest|Mixed Platforms.ActiveCfg = Release|x86
		{F7EDBBB9-3AAA-4EC2-B11E-A20AC07E9145}.UnitTest|Mixed Platforms.Build.0 = Release|x86
		{F7EDBBB9-3AAA-4EC2-B11E-A20AC07E9145}.UnitTest|Win32.ActiveCfg = Release|x86
		{F7EDBBB9-3AAA-4EC2-B11E-A20AC07E9145}.UnitTest|Win32.Build.0 = Release|x86
		{F7EDBBB9-3AAA-4EC2-B11E-A20AC07E9145}.UnitTest|x64.ActiveCfg = Release|x86
		{F7EDBBB9-3AAA-4EC2-B11E-A20AC07E9145}.UnitTest|x86.ActiveCfg = Release|x86
		{F7EDBBB9-3AAA-4EC2-B11E-A20AC07E9145}.UnitTest|x86.Build.0 = Release|x86
		{AEAF6EC8-8490-416B-8D19-AC34D671F8A3}.Debug|Any CPU.ActiveCfg = Debug|x86
		{AEAF6EC8-8490-416B-8D19-AC34D671F8A3}.Debug|Mixed Platforms.ActiveCfg = Debug|x86
		{AEAF6EC8-8490-416B-8D19-AC34D671F8A3}.Debug|Mixed Platforms.Build.0 = Debug|x86
		{AEAF6EC8-8490-416B-8D19-AC34D671F8A3}.Debug|Win32.ActiveCfg = Debug|x86
		{AEAF6EC8-8490-416B-8D19-AC34D671F8A3}.Debug|Win32.Build.0 = Debug|x86
		{AEAF6EC8-8490-416B-8D19-AC34D671F8A3}.Debug|x64.ActiveCfg = Debug|x86
		{AEAF6EC8-8490-416B-8D19-AC34D671F8A3}.Debug|x86.ActiveCfg = Debug|x86
		{AEAF6EC8-8490-416B-8D19-AC34D671F8A3}.Debug|x86.Build.0 = Debug|x86
		{AEAF6EC8-8490-416B-8D19-AC34D671F8A3}.DebugWithEx|Any CPU.ActiveCfg = Debug|x86
		{AEAF6EC8-8490-416B-8D19-AC34D671F8A3}.DebugWithEx|Mixed Platforms.ActiveCfg = Debug|x86
		{AEAF6EC8-8490-416B-8D19-AC34D671F8A3}.DebugWithEx|Mixed Platforms.Build.0 = Debug|x86
		{AEAF6EC8-8490-416B-8D19-AC34D671F8A3}.DebugWithEx|Win32.ActiveCfg = Debug|x86
		{AEAF6EC8-8490-416B-8D19-AC34D671F8A3}.DebugWithEx|Win32.Build.0 = Debug|x86
		{AEAF6EC8-8490-416B-8D19-AC34D671F8A3}.DebugWithEx|x64.ActiveCfg = Debug|x86
		{AEAF6EC8-8490-416B-8D19-AC34D671F8A3}.DebugWithEx|x86.ActiveCfg = Debug|x86
		{AEAF6EC8-8490-416B-8D19-AC34D671F8A3}.DebugWithEx|x86.Build.0 = Debug|x86
		{AEAF6EC8-8490-416B-8D19-AC34D671F8A3}.Mi-Token AP Release|Any CPU.ActiveCfg = Release|x86
		{AEAF6EC8-8490-416B-8D19-AC34D671F8A3}.Mi-Token AP Release|Mixed Platforms.ActiveCfg = Release|x86
		{AEAF6EC8-8490-416B-8D19-AC34D671F8A3}.Mi-Token AP Release|Mixed Platforms.Build.0 = Release|x86
		{AEAF6EC8-8490-416B-8D19-AC34D671F8A3}.Mi-Token AP Release|Win32.ActiveCfg = Release|x86
		{AEAF6EC8-8490-416B-8D19-AC34D671F8A3}.Mi-Token AP Release|Win32.Build.0 = Release|x86
		{AEAF6EC8-8490-416B-8D19-AC34D671F8A3}.Mi-Token AP Release|x64.ActiveCfg = Release|x86
		{AEAF6EC8-8490-416B-8D19-AC34D671F8A3}.Mi-Token AP Release|x86.ActiveCfg = Release|x86
		{AEAF6EC8-8490-416B-8D19-AC34D671F8A3}.Mi-Token AP Release|x86.Build.0 = Release|x86
		{AEAF6EC8-8490-416B-8D19-AC34D671F8A3}.Release|Any CPU.ActiveCfg = Release|x86
		{AEAF6EC8-8490-416B-8D19-AC34D671F8A3}.Release|Mixed Platforms.ActiveCfg = Release|x86
		{AEAF6EC8-8490-416B-8D19-AC34D671F8A3}.Release|Mixed Platforms.Build.0 = Release|x86
		{AEAF6EC8-8490-416B-8D19-AC34D671F8A3}.Release|Win32.ActiveCfg = Release|x86
		{AEAF6EC8-8490-416B-8D19-AC34D671F8A3}.Release|Win32.Build.0 = Release|x86
		{AEAF6EC8-8490-416B-8D19-AC34D671F8A3}.Release|x64.ActiveCfg = Release|x86
		{AEAF6EC8-8490-416B-8D19-AC34D671F8A3}.Release|x64.Build.0 = Release|x86
		{AEAF6EC8-8490-416B-8D19-AC34D671F8A3}.Release|x86.ActiveCfg = Release|x86
		{AEAF6EC8-8490-416B-8D19-AC34D671F8A3}.Release|x86.Build.0 = Release|x86
		{AEAF6EC8-8490-416B-8D19-AC34D671F8A3}.UnitTest|Any CPU.ActiveCfg = Release|x86
		{AEAF6EC8-8490-416B-8D19-AC34D671F8A3}.UnitTest|Mixed Platforms.ActiveCfg = Release|x86
		{AEAF6EC8-8490-416B-8D19-AC34D671F8A3}.UnitTest|Mixed Platforms.Build.0 = Release|x86
		{AEAF6EC8-8490-416B-8D19-AC34D671F8A3}.UnitTest|Win32.ActiveCfg = Release|x86
		{AEAF6EC8-8490-416B-8D19-AC34D671F8A3}.UnitTest|Win32.Build.0 = Release|x86
		{AEAF6EC8-8490-416B-8D19-AC34D671F8A3}.UnitTest|x64.ActiveCfg = Release|x86
		{AEAF6EC8-8490-416B-8D19-AC34D671F8A3}.UnitTest|x86.ActiveCfg = Release|x86
		{AEAF6EC8-8490-416B-8D19-AC34D671F8A3}.UnitTest|x86.Build.0 = Release|x86
		{44CCECAA-459B-4A30-961C-1D0829A60F63}.Debug|Any CPU.ActiveCfg = Debug|x86
		{44CCECAA-459B-4A30-961C-1D0829A60F63}.Debug|Mixed Platforms.ActiveCfg = Debug|x86
		{44CCECAA-459B-4A30-961C-1D0829A60F63}.Debug|Mixed Platforms.Build.0 = Debug|x86
		{44CCECAA-459B-4A30-961C-1D0829A60F63}.Debug|Win32.ActiveCfg = Debug|x86
		{44CCECAA-459B-4A30-961C-1D0829A60F63}.Debug|Win32.Build.0 = Debug|x86
		{44CCECAA-459B-4A30-961C-1D0829A60F63}.Debug|x64.ActiveCfg = Debug|x64
		{44CCECAA-459B-4A30-961C-1D0829A60F63}.Debug|x64.Build.0 = Debug|x64
		{44CCECAA-459B-4A30-961C-1D0829A60F63}.Debug|x86.ActiveCfg = Debug|x86
		{44CCECAA-459B-4A30-961C-1D0829A60F63}.Debug|x86.Build.0 = Debug|x86
		{44CCECAA-459B-4A30-961C-1D0829A60F63}.DebugWithEx|Any CPU.ActiveCfg = Debug|x86
		{44CCECAA-459B-4A30-961C-1D0829A60F63}.DebugWithEx|Mixed Platforms.ActiveCfg = Debug|x86
		{44CCECAA-459B-4A30-961C-1D0829A60F63}.DebugWithEx|Mixed Platforms.Build.0 = Debug|x86
		{44CCECAA-459B-4A30-961C-1D0829A60F63}.DebugWithEx|Win32.ActiveCfg = Debug|x86
		{44CCECAA-459B-4A30-961C-1D0829A60F63}.DebugWithEx|Win32.Build.0 = Debug|x86
		{44CCECAA-459B-4A30-961C-1D0829A60F63}.DebugWithEx|x64.ActiveCfg = Debug|x64
		{44CCECAA-459B-4A30-961C-1D0829A60F63}.DebugWithEx|x64.Build.0 = Debug|x64
		{44CCECAA-459B-4A30-961C-1D0829A60F63}.DebugWithEx|x86.ActiveCfg = Debug|x86
		{44CCECAA-459B-4A30-961C-1D0829A60F63}.DebugWithEx|x86.Build.0 = Debug|x86
		{44CCECAA-459B-4A30-961C-1D0829A60F63}.Mi-Token AP Release|Any CPU.ActiveCfg = Release|x86
		{44CCECAA-459B-4A30-961C-1D0829A60F63}.Mi-Token AP Release|Mixed Platforms.ActiveCfg = Release|x86
		{44CCECAA-459B-4A30-961C-1D0829A60F63}.Mi-Token AP Release|Mixed Platforms.Build.0 = Release|x86
		{44CCECAA-459B-4A30-961C-1D0829A60F63}.Mi-Token AP Release|Win32.ActiveCfg = Release|x86
		{44CCECAA-459B-4A30-961C-1D0829A60F63}.Mi-Token AP Release|Win32.Build.0 = Release|x86
		{44CCECAA-459B-4A30-961C-1D0829A60F63}.Mi-Token AP Release|x64.ActiveCfg = Release|x64
		{44CCECAA-459B-4A30-961C-1D0829A60F63}.Mi-Token AP Release|x64.Build.0 = Release|x64
		{44CCECAA-459B-4A30-961C-1D0829A60F63}.Mi-Token AP Release|x86.ActiveCfg = Release|x86
		{44CCECAA-459B-4A30-961C-1D0829A60F63}.Mi-Token AP Release|x86.Build.0 = Release|x86
		{44CCECAA-459B-4A30-961C-1D0829A60F63}.Release|Any CPU.ActiveCfg = Release|x86
		{44CCECAA-459B-4A30-961C-1D0829A60F63}.Release|Mixed Platforms.ActiveCfg = Release|x86
		{44CCECAA-459B-4A30-961C-1D0829A60F63}.Release|Mixed Platforms.Build.0 = Release|x86
		{44CCECAA-459B-4A30-961C-1D0829A60F63}.Release|Win32.ActiveCfg = Release|x86
		{44CCECAA-459B-4A30-961C-1D0829A60F63}.Release|Win32.Build.0 = Release|x86
		{44CCECAA-459B-4A30-961C-1D0829A60F63}.Release|x64.ActiveCfg = Release|x64
		{44CCECAA-459B-4A30-961C-1D0829A60F63}.Release|x64.Build.0 = Release|x64
		{44CCECAA-459B-4A30-961C-1D0829A60F63}.Release|x86.ActiveCfg = Release|x86
		{44CCECAA-459B-4A30-961C-1D0829A60F63}.Release|x86.Build.0 = Release|x86
		{44CCECAA-459B-4A30-961C-1D0829A60F63}.UnitTest|Any CPU.ActiveCfg = Release|x86
		{44CCECAA-459B-4A30-961C-1D0829A60F63}.UnitTest|Mixed Platforms.ActiveCfg = Release|x86
		{44CCECAA-459B-4A30-961C-1D0829A60F63}.UnitTest|Mixed Platforms.Build.0 = Release|x86
		{44CCECAA-459B-4A30-961C-1D0829A60F63}.UnitTest|Win32.ActiveCfg = Release|x86
		{44CCECAA-459B-4A30-961C-1D0829A60F63}.UnitTest|Win32.Build.0 = Release|x86
		{44CCECAA-459B-4A30-961C-1D0829A60F63}.UnitTest|x64.ActiveCfg = Release|x64
		{44CCECAA-459B-4A30-961C-1D0829A60F63}.UnitTest|x64.Build.0 = Release|x64
		{44CCECAA-459B-4A30-961C-1D0829A60F63}.UnitTest|x86.ActiveCfg = Release|x86
		{44CCECAA-459B-4A30-961C-1D0829A60F63}.UnitTest|x86.Build.0 = Release|x86
	EndGlobalSection
	GlobalSection(SolutionProperties) = preSolution
		HideSolutionNode = FALSE
	EndGlobalSection
	GlobalSection(NestedProjects) = preSolution
		{9F412662-E433-4F5B-9DC6-97844A0E73A0} = {EB87666E-9C62-423D-840C-55BF7F5525DF}
		{3A09D10D-3F74-46DC-8822-BA55D140B54C} = {EB87666E-9C62-423D-840C-55BF7F5525DF}
		{5F522EFA-05D5-4164-B8C1-31529F1A7704} = {EB87666E-9C62-423D-840C-55BF7F5525DF}
		{20F96D6B-23CF-4AA3-AA52-0CFF973C660A} = {EB87666E-9C62-423D-840C-55BF7F5525DF}
		{44D914A9-23B7-4F17-8FED-857C1C1730F2} = {EB87666E-9C62-423D-840C-55BF7F5525DF}
		{E88AF298-17D8-4707-9762-7ACD0252F0EB} = {EB87666E-9C62-423D-840C-55BF7F5525DF}
		{47E87E7B-273A-4832-9845-633BED9ABA65} = {EB87666E-9C62-423D-840C-55BF7F5525DF}
	EndGlobalSection
EndGlobal
